<?xml version="1.0" encoding="utf-8"?>
<Project ToolsVersion="4.0" xmlns="http://schemas.microsoft.com/developer/msbuild/2003">
  <ItemGroup>
    <Filter Include="Audio">
      <UniqueIdentifier>{37d8d298-8ff7-4b16-9de2-1e8e5b943795}</UniqueIdentifier>
    </Filter>
    <Filter Include="Inc">
      <UniqueIdentifier>{93995380-89BD-4b04-88EB-625FBE52EBFB}</UniqueIdentifier>
      <Extensions>h;hpp;hxx;hm;inl;inc;xsd</Extensions>
    </Filter>
    <Filter Include="Src">
      <UniqueIdentifier>{4FC737F1-C7A5-4376-A066-2A32D752A2FF}</UniqueIdentifier>
      <Extensions>cpp;c;cc;cxx;def;odl;idl;hpj;bat;asm;asmx</Extensions>
    </Filter>
    <Filter Include="Src\Shaders">
      <UniqueIdentifier>{1d7c612f-bf24-4368-a247-46d28920c4a7}</UniqueIdentifier>
    </Filter>
    <Filter Include="Src\Shaders\Compiled">
      <UniqueIdentifier>{5bfd0d52-ee7d-4cf1-aab2-235c7a1f9d6e}</UniqueIdentifier>
    </Filter>
  </ItemGroup>
  <ItemGroup>
    <ClInclude Include="Inc\Audio.h">
      <Filter>Audio</Filter>
    </ClInclude>
    <ClInclude Include="Audio\SoundCommon.h">
      <Filter>Audio</Filter>
    </ClInclude>
    <ClInclude Include="Audio\WaveBankReader.h">
      <Filter>Audio</Filter>
    </ClInclude>
    <ClInclude Include="Audio\WAVFileReader.h">
      <Filter>Audio</Filter>
    </ClInclude>
    <ClInclude Include="Inc\CommonStates.h">
      <Filter>Inc</Filter>
    </ClInclude>
    <ClInclude Include="Inc\DDSTextureLoader.h">
      <Filter>Inc</Filter>
    </ClInclude>
    <ClInclude Include="Inc\DirectXHelpers.h">
      <Filter>Inc</Filter>
    </ClInclude>
    <ClInclude Include="Inc\Effects.h">
      <Filter>Inc</Filter>
    </ClInclude>
    <ClInclude Include="Inc\GamePad.h">
      <Filter>Inc</Filter>
    </ClInclude>
    <ClInclude Include="Inc\GeometricPrimitive.h">
      <Filter>Inc</Filter>
    </ClInclude>
    <ClInclude Include="Inc\Keyboard.h">
      <Filter>Inc</Filter>
    </ClInclude>
    <ClInclude Include="Inc\Model.h">
      <Filter>Inc</Filter>
    </ClInclude>
    <ClInclude Include="Inc\Mouse.h">
      <Filter>Inc</Filter>
    </ClInclude>
    <ClInclude Include="Inc\PrimitiveBatch.h">
      <Filter>Inc</Filter>
    </ClInclude>
    <ClInclude Include="Inc\ScreenGrab.h">
      <Filter>Inc</Filter>
    </ClInclude>
    <ClInclude Include="Inc\SimpleMath.h">
      <Filter>Inc</Filter>
    </ClInclude>
    <ClInclude Include="Inc\SpriteBatch.h">
      <Filter>Inc</Filter>
    </ClInclude>
    <ClInclude Include="Inc\SpriteFont.h">
      <Filter>Inc</Filter>
    </ClInclude>
    <ClInclude Include="Inc\VertexTypes.h">
      <Filter>Inc</Filter>
    </ClInclude>
    <ClInclude Include="Inc\WICTextureLoader.h">
      <Filter>Inc</Filter>
    </ClInclude>
    <ClInclude Include="Inc\XboxDDSTextureLoader.h">
      <Filter>Inc</Filter>
    </ClInclude>
    <ClInclude Include="Src\AlignedNew.h">
      <Filter>Src</Filter>
    </ClInclude>
    <ClInclude Include="Src\Bezier.h">
      <Filter>Src</Filter>
    </ClInclude>
    <ClInclude Include="Src\BinaryReader.h">
      <Filter>Src</Filter>
    </ClInclude>
    <ClInclude Include="Src\ConstantBuffer.h">
      <Filter>Src</Filter>
    </ClInclude>
    <ClInclude Include="Src\dds.h">
      <Filter>Src</Filter>
    </ClInclude>
    <ClInclude Include="Src\DemandCreate.h">
      <Filter>Src</Filter>
    </ClInclude>
    <ClInclude Include="Src\EffectCommon.h">
      <Filter>Src</Filter>
    </ClInclude>
    <ClInclude Include="Src\pch.h">
      <Filter>Src</Filter>
    </ClInclude>
    <ClInclude Include="Src\PlatformHelpers.h">
      <Filter>Src</Filter>
    </ClInclude>
    <ClInclude Include="Src\SharedResourcePool.h">
      <Filter>Src</Filter>
    </ClInclude>
    <ClInclude Include="Inc\GraphicsMemory.h">
      <Filter>Inc</Filter>
    </ClInclude>
    <ClInclude Include="Src\SDKMesh.h">
      <Filter>Src</Filter>
    </ClInclude>
    <ClInclude Include="Src\vbo.h">
      <Filter>Src</Filter>
    </ClInclude>
    <ClInclude Include="Src\Geometry.h">
      <Filter>Src</Filter>
    </ClInclude>
    <ClInclude Include="Src\LoaderHelpers.h">
      <Filter>Src</Filter>
    </ClInclude>
  </ItemGroup>
  <ItemGroup>
    <ClCompile Include="Audio\AudioEngine.cpp">
      <Filter>Audio</Filter>
    </ClCompile>
    <ClCompile Include="Audio\DynamicSoundEffectInstance.cpp">
      <Filter>Audio</Filter>
    </ClCompile>
    <ClCompile Include="Audio\SoundCommon.cpp">
      <Filter>Audio</Filter>
    </ClCompile>
    <ClCompile Include="Audio\SoundEffect.cpp">
      <Filter>Audio</Filter>
    </ClCompile>
    <ClCompile Include="Audio\SoundEffectInstance.cpp">
      <Filter>Audio</Filter>
    </ClCompile>
    <ClCompile Include="Audio\WaveBank.cpp">
      <Filter>Audio</Filter>
    </ClCompile>
    <ClCompile Include="Audio\WaveBankReader.cpp">
      <Filter>Audio</Filter>
    </ClCompile>
    <ClCompile Include="Audio\WAVFileReader.cpp">
      <Filter>Audio</Filter>
    </ClCompile>
    <ClCompile Include="Src\AlphaTestEffect.cpp">
      <Filter>Src</Filter>
    </ClCompile>
    <ClCompile Include="Src\BasicEffect.cpp">
      <Filter>Src</Filter>
    </ClCompile>
    <ClCompile Include="Src\BinaryReader.cpp">
      <Filter>Src</Filter>
    </ClCompile>
    <ClCompile Include="Src\CommonStates.cpp">
      <Filter>Src</Filter>
    </ClCompile>
    <ClCompile Include="Src\DDSTextureLoader.cpp">
      <Filter>Src</Filter>
    </ClCompile>
    <ClCompile Include="Src\DGSLEffect.cpp">
      <Filter>Src</Filter>
    </ClCompile>
    <ClCompile Include="Src\DGSLEffectFactory.cpp">
      <Filter>Src</Filter>
    </ClCompile>
    <ClCompile Include="Src\DualTextureEffect.cpp">
      <Filter>Src</Filter>
    </ClCompile>
    <ClCompile Include="Src\EffectCommon.cpp">
      <Filter>Src</Filter>
    </ClCompile>
    <ClCompile Include="Src\EffectFactory.cpp">
      <Filter>Src</Filter>
    </ClCompile>
    <ClCompile Include="Src\EnvironmentMapEffect.cpp">
      <Filter>Src</Filter>
    </ClCompile>
    <ClCompile Include="Src\GamePad.cpp">
      <Filter>Src</Filter>
    </ClCompile>
    <ClCompile Include="Src\GeometricPrimitive.cpp">
      <Filter>Src</Filter>
    </ClCompile>
    <ClCompile Include="Src\Keyboard.cpp">
      <Filter>Src</Filter>
    </ClCompile>
    <ClCompile Include="Src\Model.cpp">
      <Filter>Src</Filter>
    </ClCompile>
    <ClCompile Include="Src\ModelLoadCMO.cpp">
      <Filter>Src</Filter>
    </ClCompile>
    <ClCompile Include="Src\ModelLoadSDKMESH.cpp">
      <Filter>Src</Filter>
    </ClCompile>
    <ClCompile Include="Src\ModelLoadVBO.cpp">
      <Filter>Src</Filter>
    </ClCompile>
    <ClCompile Include="Src\Mouse.cpp">
      <Filter>Src</Filter>
    </ClCompile>
    <ClCompile Include="Src\pch.cpp">
      <Filter>Src</Filter>
    </ClCompile>
    <ClCompile Include="Src\PrimitiveBatch.cpp">
      <Filter>Src</Filter>
    </ClCompile>
    <ClCompile Include="Src\ScreenGrab.cpp">
      <Filter>Src</Filter>
    </ClCompile>
    <ClCompile Include="Src\SimpleMath.cpp">
      <Filter>Src</Filter>
    </ClCompile>
    <ClCompile Include="Src\SkinnedEffect.cpp">
      <Filter>Src</Filter>
    </ClCompile>
    <ClCompile Include="Src\SpriteBatch.cpp">
      <Filter>Src</Filter>
    </ClCompile>
    <ClCompile Include="Src\SpriteFont.cpp">
      <Filter>Src</Filter>
    </ClCompile>
    <ClCompile Include="Src\VertexTypes.cpp">
      <Filter>Src</Filter>
    </ClCompile>
    <ClCompile Include="Src\WICTextureLoader.cpp">
      <Filter>Src</Filter>
    </ClCompile>
    <ClCompile Include="Src\XboxDDSTextureLoader.cpp">
      <Filter>Src</Filter>
    </ClCompile>
    <ClCompile Include="Src\GraphicsMemory.cpp">
      <Filter>Src</Filter>
    </ClCompile>
    <ClCompile Include="Src\Geometry.cpp">
      <Filter>Src</Filter>
    </ClCompile>
    <ClCompile Include="Src\NormalMapEffect.cpp">
      <Filter>Src</Filter>
    </ClCompile>
  </ItemGroup>
  <ItemGroup>
    <None Include="Inc\SimpleMath.inl">
      <Filter>Inc</Filter>
    </None>
    <None Include="Src\TeapotData.inc">
      <Filter>Src</Filter>
    </None>
    <None Include="Src\Shaders\Common.fxh">
      <Filter>Src\Shaders</Filter>
    </None>
    <None Include="Src\Shaders\CompileShaders.cmd">
      <Filter>Src\Shaders</Filter>
    </None>
    <None Include="Src\Shaders\Lighting.fxh">
      <Filter>Src\Shaders</Filter>
    </None>
    <None Include="Src\Shaders\Structures.fxh">
      <Filter>Src\Shaders</Filter>
    </None>
    <None Include="Src\Shaders\SkinnedEffect.fx">
      <Filter>Src\Shaders</Filter>
    </None>
    <None Include="Src\Shaders\SpriteEffect.fx">
      <Filter>Src\Shaders</Filter>
    </None>
    <None Include="Src\Shaders\AlphaTestEffect.fx">
      <Filter>Src\Shaders</Filter>
    </None>
    <None Include="Src\Shaders\BasicEffect.fx">
      <Filter>Src\Shaders</Filter>
    </None>
    <None Include="Src\Shaders\DGSLEffect.fx">
      <Filter>Src\Shaders</Filter>
    </None>
    <None Include="Src\Shaders\DGSLLambert.hlsl">
      <Filter>Src\Shaders</Filter>
    </None>
    <None Include="Src\Shaders\DGSLPhong.hlsl">
      <Filter>Src\Shaders</Filter>
    </None>
    <None Include="Src\Shaders\DGSLUnlit.hlsl">
      <Filter>Src\Shaders</Filter>
    </None>
    <None Include="Src\Shaders\DualTextureEffect.fx">
      <Filter>Src\Shaders</Filter>
    </None>
    <None Include="Src\Shaders\EnvironmentMapEffect.fx">
      <Filter>Src\Shaders</Filter>
    </None>
    <None Include="Src\Shaders\Compiled\XboxOneAlphaTestEffect_PSAlphaTestEqNe.inc">
      <Filter>Src\Shaders\Compiled</Filter>
    </None>
    <None Include="Src\Shaders\Compiled\XboxOneAlphaTestEffect_PSAlphaTestEqNeNoFog.inc">
      <Filter>Src\Shaders\Compiled</Filter>
    </None>
    <None Include="Src\Shaders\Compiled\XboxOneAlphaTestEffect_PSAlphaTestLtGt.inc">
      <Filter>Src\Shaders\Compiled</Filter>
    </None>
    <None Include="Src\Shaders\Compiled\XboxOneAlphaTestEffect_PSAlphaTestLtGtNoFog.inc">
      <Filter>Src\Shaders\Compiled</Filter>
    </None>
    <None Include="Src\Shaders\Compiled\XboxOneAlphaTestEffect_VSAlphaTest.inc">
      <Filter>Src\Shaders\Compiled</Filter>
    </None>
    <None Include="Src\Shaders\Compiled\XboxOneAlphaTestEffect_VSAlphaTestNoFog.inc">
      <Filter>Src\Shaders\Compiled</Filter>
    </None>
    <None Include="Src\Shaders\Compiled\XboxOneAlphaTestEffect_VSAlphaTestVc.inc">
      <Filter>Src\Shaders\Compiled</Filter>
    </None>
    <None Include="Src\Shaders\Compiled\XboxOneAlphaTestEffect_VSAlphaTestVcNoFog.inc">
      <Filter>Src\Shaders\Compiled</Filter>
    </None>
    <None Include="Src\Shaders\Compiled\XboxOneBasicEffect_PSBasic.inc">
      <Filter>Src\Shaders\Compiled</Filter>
    </None>
    <None Include="Src\Shaders\Compiled\XboxOneBasicEffect_PSBasicNoFog.inc">
      <Filter>Src\Shaders\Compiled</Filter>
    </None>
    <None Include="Src\Shaders\Compiled\XboxOneBasicEffect_PSBasicPixelLighting.inc">
      <Filter>Src\Shaders\Compiled</Filter>
    </None>
    <None Include="Src\Shaders\Compiled\XboxOneBasicEffect_PSBasicPixelLightingTx.inc">
      <Filter>Src\Shaders\Compiled</Filter>
    </None>
    <None Include="Src\Shaders\Compiled\XboxOneBasicEffect_PSBasicTx.inc">
      <Filter>Src\Shaders\Compiled</Filter>
    </None>
    <None Include="Src\Shaders\Compiled\XboxOneBasicEffect_PSBasicTxNoFog.inc">
      <Filter>Src\Shaders\Compiled</Filter>
    </None>
    <None Include="Src\Shaders\Compiled\XboxOneBasicEffect_PSBasicVertexLighting.inc">
      <Filter>Src\Shaders\Compiled</Filter>
    </None>
    <None Include="Src\Shaders\Compiled\XboxOneBasicEffect_PSBasicVertexLightingNoFog.inc">
      <Filter>Src\Shaders\Compiled</Filter>
    </None>
    <None Include="Src\Shaders\Compiled\XboxOneBasicEffect_PSBasicVertexLightingTx.inc">
      <Filter>Src\Shaders\Compiled</Filter>
    </None>
    <None Include="Src\Shaders\Compiled\XboxOneBasicEffect_PSBasicVertexLightingTxNoFog.inc">
      <Filter>Src\Shaders\Compiled</Filter>
    </None>
    <None Include="Src\Shaders\Compiled\XboxOneBasicEffect_VSBasic.inc">
      <Filter>Src\Shaders\Compiled</Filter>
    </None>
    <None Include="Src\Shaders\Compiled\XboxOneBasicEffect_VSBasicNoFog.inc">
      <Filter>Src\Shaders\Compiled</Filter>
    </None>
    <None Include="Src\Shaders\Compiled\XboxOneBasicEffect_VSBasicOneLight.inc">
      <Filter>Src\Shaders\Compiled</Filter>
    </None>
    <None Include="Src\Shaders\Compiled\XboxOneBasicEffect_VSBasicOneLightTx.inc">
      <Filter>Src\Shaders\Compiled</Filter>
    </None>
    <None Include="Src\Shaders\Compiled\XboxOneBasicEffect_VSBasicOneLightTxVc.inc">
      <Filter>Src\Shaders\Compiled</Filter>
    </None>
    <None Include="Src\Shaders\Compiled\XboxOneBasicEffect_VSBasicOneLightVc.inc">
      <Filter>Src\Shaders\Compiled</Filter>
    </None>
    <None Include="Src\Shaders\Compiled\XboxOneBasicEffect_VSBasicPixelLighting.inc">
      <Filter>Src\Shaders\Compiled</Filter>
    </None>
    <None Include="Src\Shaders\Compiled\XboxOneBasicEffect_VSBasicPixelLightingTx.inc">
      <Filter>Src\Shaders\Compiled</Filter>
    </None>
    <None Include="Src\Shaders\Compiled\XboxOneBasicEffect_VSBasicPixelLightingTxVc.inc">
      <Filter>Src\Shaders\Compiled</Filter>
    </None>
    <None Include="Src\Shaders\Compiled\XboxOneBasicEffect_VSBasicPixelLightingVc.inc">
      <Filter>Src\Shaders\Compiled</Filter>
    </None>
    <None Include="Src\Shaders\Compiled\XboxOneBasicEffect_VSBasicTx.inc">
      <Filter>Src\Shaders\Compiled</Filter>
    </None>
    <None Include="Src\Shaders\Compiled\XboxOneBasicEffect_VSBasicTxNoFog.inc">
      <Filter>Src\Shaders\Compiled</Filter>
    </None>
    <None Include="Src\Shaders\Compiled\XboxOneBasicEffect_VSBasicTxVc.inc">
      <Filter>Src\Shaders\Compiled</Filter>
    </None>
    <None Include="Src\Shaders\Compiled\XboxOneBasicEffect_VSBasicTxVcNoFog.inc">
      <Filter>Src\Shaders\Compiled</Filter>
    </None>
    <None Include="Src\Shaders\Compiled\XboxOneBasicEffect_VSBasicVc.inc">
      <Filter>Src\Shaders\Compiled</Filter>
    </None>
    <None Include="Src\Shaders\Compiled\XboxOneBasicEffect_VSBasicVcNoFog.inc">
      <Filter>Src\Shaders\Compiled</Filter>
    </None>
    <None Include="Src\Shaders\Compiled\XboxOneBasicEffect_VSBasicVertexLighting.inc">
      <Filter>Src\Shaders\Compiled</Filter>
    </None>
    <None Include="Src\Shaders\Compiled\XboxOneBasicEffect_VSBasicVertexLightingTx.inc">
      <Filter>Src\Shaders\Compiled</Filter>
    </None>
    <None Include="Src\Shaders\Compiled\XboxOneBasicEffect_VSBasicVertexLightingTxVc.inc">
      <Filter>Src\Shaders\Compiled</Filter>
    </None>
    <None Include="Src\Shaders\Compiled\XboxOneBasicEffect_VSBasicVertexLightingVc.inc">
      <Filter>Src\Shaders\Compiled</Filter>
    </None>
    <None Include="Src\Shaders\Compiled\XboxOneDGSLEffect_main.inc">
      <Filter>Src\Shaders\Compiled</Filter>
    </None>
    <None Include="Src\Shaders\Compiled\XboxOneDGSLEffect_main1Bones.inc">
      <Filter>Src\Shaders\Compiled</Filter>
    </None>
    <None Include="Src\Shaders\Compiled\XboxOneDGSLEffect_main1BonesVc.inc">
      <Filter>Src\Shaders\Compiled</Filter>
    </None>
    <None Include="Src\Shaders\Compiled\XboxOneDGSLEffect_main2Bones.inc">
      <Filter>Src\Shaders\Compiled</Filter>
    </None>
    <None Include="Src\Shaders\Compiled\XboxOneDGSLEffect_main2BonesVc.inc">
      <Filter>Src\Shaders\Compiled</Filter>
    </None>
    <None Include="Src\Shaders\Compiled\XboxOneDGSLEffect_main4Bones.inc">
      <Filter>Src\Shaders\Compiled</Filter>
    </None>
    <None Include="Src\Shaders\Compiled\XboxOneDGSLEffect_main4BonesVc.inc">
      <Filter>Src\Shaders\Compiled</Filter>
    </None>
    <None Include="Src\Shaders\Compiled\XboxOneDGSLEffect_mainVc.inc">
      <Filter>Src\Shaders\Compiled</Filter>
    </None>
    <None Include="Src\Shaders\Compiled\XboxOneDGSLLambert_main.inc">
      <Filter>Src\Shaders\Compiled</Filter>
    </None>
    <None Include="Src\Shaders\Compiled\XboxOneDGSLLambert_mainTk.inc">
      <Filter>Src\Shaders\Compiled</Filter>
    </None>
    <None Include="Src\Shaders\Compiled\XboxOneDGSLLambert_mainTx.inc">
      <Filter>Src\Shaders\Compiled</Filter>
    </None>
    <None Include="Src\Shaders\Compiled\XboxOneDGSLLambert_mainTxTk.inc">
      <Filter>Src\Shaders\Compiled</Filter>
    </None>
    <None Include="Src\Shaders\Compiled\XboxOneDGSLPhong_main.inc">
      <Filter>Src\Shaders\Compiled</Filter>
    </None>
    <None Include="Src\Shaders\Compiled\XboxOneDGSLPhong_mainTk.inc">
      <Filter>Src\Shaders\Compiled</Filter>
    </None>
    <None Include="Src\Shaders\Compiled\XboxOneDGSLPhong_mainTx.inc">
      <Filter>Src\Shaders\Compiled</Filter>
    </None>
    <None Include="Src\Shaders\Compiled\XboxOneDGSLPhong_mainTxTk.inc">
      <Filter>Src\Shaders\Compiled</Filter>
    </None>
    <None Include="Src\Shaders\Compiled\XboxOneDGSLUnlit_main.inc">
      <Filter>Src\Shaders\Compiled</Filter>
    </None>
    <None Include="Src\Shaders\Compiled\XboxOneDGSLUnlit_mainTk.inc">
      <Filter>Src\Shaders\Compiled</Filter>
    </None>
    <None Include="Src\Shaders\Compiled\XboxOneDGSLUnlit_mainTx.inc">
      <Filter>Src\Shaders\Compiled</Filter>
    </None>
    <None Include="Src\Shaders\Compiled\XboxOneDGSLUnlit_mainTxTk.inc">
      <Filter>Src\Shaders\Compiled</Filter>
    </None>
    <None Include="Src\Shaders\Compiled\XboxOneDualTextureEffect_PSDualTexture.inc">
      <Filter>Src\Shaders\Compiled</Filter>
    </None>
    <None Include="Src\Shaders\Compiled\XboxOneDualTextureEffect_PSDualTextureNoFog.inc">
      <Filter>Src\Shaders\Compiled</Filter>
    </None>
    <None Include="Src\Shaders\Compiled\XboxOneDualTextureEffect_VSDualTexture.inc">
      <Filter>Src\Shaders\Compiled</Filter>
    </None>
    <None Include="Src\Shaders\Compiled\XboxOneDualTextureEffect_VSDualTextureNoFog.inc">
      <Filter>Src\Shaders\Compiled</Filter>
    </None>
    <None Include="Src\Shaders\Compiled\XboxOneDualTextureEffect_VSDualTextureVc.inc">
      <Filter>Src\Shaders\Compiled</Filter>
    </None>
    <None Include="Src\Shaders\Compiled\XboxOneDualTextureEffect_VSDualTextureVcNoFog.inc">
      <Filter>Src\Shaders\Compiled</Filter>
    </None>
    <None Include="Src\Shaders\Compiled\XboxOneEnvironmentMapEffect_PSEnvMap.inc">
      <Filter>Src\Shaders\Compiled</Filter>
    </None>
    <None Include="Src\Shaders\Compiled\XboxOneEnvironmentMapEffect_PSEnvMapNoFog.inc">
      <Filter>Src\Shaders\Compiled</Filter>
    </None>
    <None Include="Src\Shaders\Compiled\XboxOneEnvironmentMapEffect_PSEnvMapSpecular.inc">
      <Filter>Src\Shaders\Compiled</Filter>
    </None>
    <None Include="Src\Shaders\Compiled\XboxOneEnvironmentMapEffect_PSEnvMapSpecularNoFog.inc">
      <Filter>Src\Shaders\Compiled</Filter>
    </None>
    <None Include="Src\Shaders\Compiled\XboxOneEnvironmentMapEffect_VSEnvMap.inc">
      <Filter>Src\Shaders\Compiled</Filter>
    </None>
    <None Include="Src\Shaders\Compiled\XboxOneEnvironmentMapEffect_VSEnvMapFresnel.inc">
      <Filter>Src\Shaders\Compiled</Filter>
    </None>
    <None Include="Src\Shaders\Compiled\XboxOneEnvironmentMapEffect_VSEnvMapOneLight.inc">
      <Filter>Src\Shaders\Compiled</Filter>
    </None>
    <None Include="Src\Shaders\Compiled\XboxOneEnvironmentMapEffect_VSEnvMapOneLightFresnel.inc">
      <Filter>Src\Shaders\Compiled</Filter>
    </None>
    <None Include="Src\Shaders\Compiled\XboxOneSkinnedEffect_PSSkinnedPixelLighting.inc">
      <Filter>Src\Shaders\Compiled</Filter>
    </None>
    <None Include="Src\Shaders\Compiled\XboxOneSkinnedEffect_PSSkinnedVertexLighting.inc">
      <Filter>Src\Shaders\Compiled</Filter>
    </None>
    <None Include="Src\Shaders\Compiled\XboxOneSkinnedEffect_PSSkinnedVertexLightingNoFog.inc">
      <Filter>Src\Shaders\Compiled</Filter>
    </None>
    <None Include="Src\Shaders\Compiled\XboxOneSkinnedEffect_VSSkinnedOneLightFourBones.inc">
      <Filter>Src\Shaders\Compiled</Filter>
    </None>
    <None Include="Src\Shaders\Compiled\XboxOneSkinnedEffect_VSSkinnedOneLightOneBone.inc">
      <Filter>Src\Shaders\Compiled</Filter>
    </None>
    <None Include="Src\Shaders\Compiled\XboxOneSkinnedEffect_VSSkinnedOneLightTwoBones.inc">
      <Filter>Src\Shaders\Compiled</Filter>
    </None>
    <None Include="Src\Shaders\Compiled\XboxOneSkinnedEffect_VSSkinnedPixelLightingFourBones.inc">
      <Filter>Src\Shaders\Compiled</Filter>
    </None>
    <None Include="Src\Shaders\Compiled\XboxOneSkinnedEffect_VSSkinnedPixelLightingOneBone.inc">
      <Filter>Src\Shaders\Compiled</Filter>
    </None>
    <None Include="Src\Shaders\Compiled\XboxOneSkinnedEffect_VSSkinnedPixelLightingTwoBones.inc">
      <Filter>Src\Shaders\Compiled</Filter>
    </None>
    <None Include="Src\Shaders\Compiled\XboxOneSkinnedEffect_VSSkinnedVertexLightingFourBones.inc">
      <Filter>Src\Shaders\Compiled</Filter>
    </None>
    <None Include="Src\Shaders\Compiled\XboxOneSkinnedEffect_VSSkinnedVertexLightingOneBone.inc">
      <Filter>Src\Shaders\Compiled</Filter>
    </None>
    <None Include="Src\Shaders\Compiled\XboxOneSkinnedEffect_VSSkinnedVertexLightingTwoBones.inc">
      <Filter>Src\Shaders\Compiled</Filter>
    </None>
    <None Include="Src\Shaders\Compiled\XboxOneSpriteEffect_SpritePixelShader.inc">
      <Filter>Src\Shaders\Compiled</Filter>
    </None>
    <None Include="Src\Shaders\Compiled\XboxOneSpriteEffect_SpriteVertexShader.inc">
      <Filter>Src\Shaders\Compiled</Filter>
    </None>
    <None Include="Src\Shaders\NormalMapEffect.fx">
      <Filter>Src\Shaders</Filter>
    </None>
    <None Include="Src\Shaders\Compiled\XboxOneNormalMapEffect_PSNormalPixelLightingTx.inc">
      <Filter>Src\Shaders\Compiled</Filter>
    </None>
    <None Include="Src\Shaders\Compiled\XboxOneNormalMapEffect_PSNormalPixelLightingTxNoFog.inc">
      <Filter>Src\Shaders\Compiled</Filter>
    </None>
    <None Include="Src\Shaders\Compiled\XboxOneNormalMapEffect_VSNormalPixelLightingTx.inc">
      <Filter>Src\Shaders\Compiled</Filter>
    </None>
    <None Include="Src\Shaders\Compiled\XboxOneNormalMapEffect_VSNormalPixelLightingTxVc.inc">
      <Filter>Src\Shaders\Compiled</Filter>
    </None>
    <None Include="Src\Shaders\Compiled\XboxOneEnvironmentMapEffect_PSEnvMapPixelLighting.inc">
      <Filter>Src\Shaders\Compiled</Filter>
    </None>
    <None Include="Src\Shaders\Compiled\XboxOneEnvironmentMapEffect_PSEnvMapPixelLightingFresnel.inc">
      <Filter>Src\Shaders\Compiled</Filter>
    </None>
    <None Include="Src\Shaders\Compiled\XboxOneEnvironmentMapEffect_PSEnvMapPixelLightingFresnelNoFog.inc">
      <Filter>Src\Shaders\Compiled</Filter>
    </None>
    <None Include="Src\Shaders\Compiled\XboxOneEnvironmentMapEffect_PSEnvMapPixelLightingNoFog.inc">
      <Filter>Src\Shaders\Compiled</Filter>
    </None>
    <None Include="Src\Shaders\Compiled\XboxOneEnvironmentMapEffect_VSEnvMapPixelLighting.inc">
      <Filter>Src\Shaders\Compiled</Filter>
    </None>
    <None Include="Src\Shaders\Compiled\XboxOneNormalMapEffect_PSNormalPixelLightingTxNoFogSpec.inc">
      <Filter>Src\Shaders\Compiled</Filter>
    </None>
    <None Include="Src\Shaders\Compiled\XboxOneNormalMapEffect_PSNormalPixelLightingTxNoSpec.inc">
      <Filter>Src\Shaders\Compiled</Filter>
    </None>
  </ItemGroup>
  <ItemGroup>
    <Text Include="Readme.txt" />
  </ItemGroup>
</Project>