<?xml version="1.0" encoding="utf-8"?>
<Project ToolsVersion="4.0" xmlns="http://schemas.microsoft.com/developer/msbuild/2003">
  <ItemGroup>
    <Filter Include="Inc">
      <UniqueIdentifier>{771f5f80-d173-49c3-8afb-790e8f7cb0ce}</UniqueIdentifier>
    </Filter>
    <Filter Include="Src">
      <UniqueIdentifier>{c52e19b6-8703-49a1-9b36-101a05b4745d}</UniqueIdentifier>
    </Filter>
    <Filter Include="Inc\Shared">
      <UniqueIdentifier>{e07ba3bc-b69f-4ded-9ffa-3b47427e9fef}</UniqueIdentifier>
    </Filter>
    <Filter Include="Src\Shared">
      <UniqueIdentifier>{28e934ed-a6d7-4c30-b064-c72c50c99626}</UniqueIdentifier>
    </Filter>
    <Filter Include="Src\Shaders">
      <UniqueIdentifier>{28d5fa16-99e2-471c-8cd8-2020e81f0024}</UniqueIdentifier>
    </Filter>
    <Filter Include="Src\Shaders\Compiled">
      <UniqueIdentifier>{b5e37d19-9ef0-4951-9865-ee6efed41e82}</UniqueIdentifier>
    </Filter>
    <Filter Include="Src\Shaders\Shared">
      <UniqueIdentifier>{34676173-31f5-4435-b90d-a0ad4f7d163c}</UniqueIdentifier>
    </Filter>
    <Filter Include="Src\Shaders\Symbols">
      <UniqueIdentifier>{76af8346-1ee8-4ef9-90aa-6b4d86cf5164}</UniqueIdentifier>
    </Filter>
  </ItemGroup>
  <ItemGroup>
    <ClInclude Include="Inc\CommonStates.h">
      <Filter>Inc</Filter>
    </ClInclude>
    <ClInclude Include="Inc\ScreenGrab.h">
      <Filter>Inc</Filter>
    </ClInclude>
    <ClInclude Include="Inc\SpriteBatch.h">
      <Filter>Inc</Filter>
    </ClInclude>
    <ClInclude Include="Inc\PrimitiveBatch.h">
      <Filter>Inc</Filter>
    </ClInclude>
    <ClInclude Include="Inc\SpriteFont.h">
      <Filter>Inc</Filter>
    </ClInclude>
    <ClInclude Include="Inc\VertexTypes.h">
      <Filter>Inc</Filter>
    </ClInclude>
    <ClInclude Include="Src\ConstantBuffer.h">
      <Filter>Src</Filter>
    </ClInclude>
    <ClInclude Include="Src\pch.h">
      <Filter>Src</Filter>
    </ClInclude>
    <ClInclude Include="Inc\GeometricPrimitive.h">
      <Filter>Inc</Filter>
    </ClInclude>
    <ClInclude Include="Src\EffectCommon.h">
      <Filter>Src</Filter>
    </ClInclude>
    <ClInclude Include="Inc\Effects.h">
      <Filter>Inc</Filter>
    </ClInclude>
    <ClInclude Include="Inc\DDSTextureLoader.h">
      <Filter>Inc</Filter>
    </ClInclude>
    <ClInclude Include="Inc\WICTextureLoader.h">
      <Filter>Inc</Filter>
    </ClInclude>
    <ClInclude Include="Inc\Model.h">
      <Filter>Inc</Filter>
    </ClInclude>
    <ClInclude Include="Inc\DirectXHelpers.h">
      <Filter>Inc</Filter>
    </ClInclude>
    <ClInclude Include="Inc\GamePad.h">
      <Filter>Inc\Shared</Filter>
    </ClInclude>
    <ClInclude Include="Inc\Keyboard.h">
      <Filter>Inc\Shared</Filter>
    </ClInclude>
    <ClInclude Include="Inc\Mouse.h">
      <Filter>Inc\Shared</Filter>
    </ClInclude>
    <ClInclude Include="Inc\SimpleMath.inl">
      <Filter>Inc\Shared</Filter>
    </ClInclude>
    <ClInclude Include="Inc\SimpleMath.h">
      <Filter>Inc\Shared</Filter>
    </ClInclude>
    <ClInclude Include="Src\AlignedNew.h">
      <Filter>Src\Shared</Filter>
    </ClInclude>
    <ClInclude Include="Src\Bezier.h">
      <Filter>Src\Shared</Filter>
    </ClInclude>
    <ClInclude Include="Src\BinaryReader.h">
      <Filter>Src\Shared</Filter>
    </ClInclude>
    <ClInclude Include="Src\DDS.h">
      <Filter>Src\Shared</Filter>
    </ClInclude>
    <ClInclude Include="Src\DemandCreate.h">
      <Filter>Src\Shared</Filter>
    </ClInclude>
    <ClInclude Include="Src\PlatformHelpers.h">
      <Filter>Src\Shared</Filter>
    </ClInclude>
    <ClInclude Include="Inc\GraphicsMemory.h">
      <Filter>Inc</Filter>
    </ClInclude>
    <ClInclude Include="Src\SDKMesh.h">
      <Filter>Src\Shared</Filter>
    </ClInclude>
    <ClInclude Include="Src\SharedResourcePool.h">
      <Filter>Src\Shared</Filter>
    </ClInclude>
    <ClInclude Include="Src\vbo.h">
      <Filter>Src\Shared</Filter>
    </ClInclude>
    <ClInclude Include="Src\Geometry.h">
      <Filter>Src\Shared</Filter>
    </ClInclude>
    <ClInclude Include="Src\LoaderHelpers.h">
      <Filter>Src\Shared</Filter>
    </ClInclude>
    <ClInclude Include="Inc\PostProcess.h">
      <Filter>Inc</Filter>
    </ClInclude>
  </ItemGroup>
  <ItemGroup>
    <ClCompile Include="Src\CommonStates.cpp">
      <Filter>Src</Filter>
    </ClCompile>
    <ClCompile Include="Src\pch.cpp">
      <Filter>Src</Filter>
    </ClCompile>
    <ClCompile Include="Src\SpriteBatch.cpp">
      <Filter>Src</Filter>
    </ClCompile>
    <ClCompile Include="Src\PrimitiveBatch.cpp">
      <Filter>Src</Filter>
    </ClCompile>
    <ClCompile Include="Src\SpriteFont.cpp">
      <Filter>Src</Filter>
    </ClCompile>
    <ClCompile Include="Src\VertexTypes.cpp">
      <Filter>Src</Filter>
    </ClCompile>
    <ClCompile Include="Src\BasicEffect.cpp">
      <Filter>Src</Filter>
    </ClCompile>
    <ClCompile Include="Src\GeometricPrimitive.cpp">
      <Filter>Src</Filter>
    </ClCompile>
    <ClCompile Include="Src\EffectCommon.cpp">
      <Filter>Src</Filter>
    </ClCompile>
    <ClCompile Include="Src\EffectFactory.cpp">
      <Filter>Src</Filter>
    </ClCompile>
    <ClCompile Include="Src\SkinnedEffect.cpp">
      <Filter>Src</Filter>
    </ClCompile>
    <ClCompile Include="Src\AlphaTestEffect.cpp">
      <Filter>Src</Filter>
    </ClCompile>
    <ClCompile Include="Src\DualTextureEffect.cpp">
      <Filter>Src</Filter>
    </ClCompile>
    <ClCompile Include="Src\EnvironmentMapEffect.cpp">
      <Filter>Src</Filter>
    </ClCompile>
    <ClCompile Include="Src\DDSTextureLoader.cpp">
      <Filter>Src</Filter>
    </ClCompile>
    <ClCompile Include="Src\WICTextureLoader.cpp">
      <Filter>Src</Filter>
    </ClCompile>
    <ClCompile Include="Src\ScreenGrab.cpp">
      <Filter>Src</Filter>
    </ClCompile>
    <ClCompile Include="Src\ModelLoadCMO.cpp">
      <Filter>Src</Filter>
    </ClCompile>
    <ClCompile Include="Src\ModelLoadSDKMESH.cpp">
      <Filter>Src</Filter>
    </ClCompile>
    <ClCompile Include="Src\Model.cpp">
      <Filter>Src</Filter>
    </ClCompile>
    <ClCompile Include="Src\DGSLEffect.cpp">
      <Filter>Src</Filter>
    </ClCompile>
    <ClCompile Include="Src\DGSLEffectFactory.cpp">
      <Filter>Src</Filter>
    </ClCompile>
    <ClCompile Include="Src\ModelLoadVBO.cpp">
      <Filter>Src</Filter>
    </ClCompile>
    <ClCompile Include="Src\GraphicsMemory.cpp">
      <Filter>Src</Filter>
    </ClCompile>
    <ClCompile Include="Src\BinaryReader.cpp">
      <Filter>Src\Shared</Filter>
    </ClCompile>
    <ClCompile Include="Src\GamePad.cpp">
      <Filter>Src\Shared</Filter>
    </ClCompile>
    <ClCompile Include="Src\Keyboard.cpp">
      <Filter>Src\Shared</Filter>
    </ClCompile>
    <ClCompile Include="Src\Mouse.cpp">
      <Filter>Src\Shared</Filter>
    </ClCompile>
    <ClCompile Include="Src\SimpleMath.cpp">
      <Filter>Src\Shared</Filter>
    </ClCompile>
    <ClCompile Include="Src\Geometry.cpp">
      <Filter>Src\Shared</Filter>
    </ClCompile>
    <ClCompile Include="Src\NormalMapEffect.cpp">
      <Filter>Src</Filter>
    </ClCompile>
    <ClCompile Include="Src\BasicPostProcess.cpp">
      <Filter>Src</Filter>
    </ClCompile>
    <ClCompile Include="Src\DualPostProcess.cpp">
      <Filter>Src</Filter>
    </ClCompile>
    <ClCompile Include="Src\ToneMapPostProcess.cpp">
      <Filter>Src</Filter>
    </ClCompile>
  </ItemGroup>
  <ItemGroup>
    <None Include="Src\Shaders\CompileShaders.cmd">
      <Filter>Src\Shaders</Filter>
    </None>
    <None Include="Src\Shaders\SpriteEffect.fx">
      <Filter>Src\Shaders</Filter>
    </None>
    <None Include="Src\Shaders\BasicEffect.fx">
      <Filter>Src\Shaders</Filter>
    </None>
    <None Include="Src\Shaders\AlphaTestEffect.fx">
      <Filter>Src\Shaders</Filter>
    </None>
    <None Include="Src\Shaders\DualTextureEffect.fx">
      <Filter>Src\Shaders</Filter>
    </None>
    <None Include="Src\Shaders\EnvironmentMapEffect.fx">
      <Filter>Src\Shaders</Filter>
    </None>
    <None Include="Src\Shaders\SkinnedEffect.fx">
      <Filter>Src\Shaders</Filter>
    </None>
    <None Include="Readme.txt" />
    <None Include="Src\Shaders\DGSLEffect.fx">
      <Filter>Src\Shaders</Filter>
    </None>
    <None Include="Src\Shaders\DGSLPhong.hlsl">
      <Filter>Src\Shaders</Filter>
    </None>
    <None Include="Src\Shaders\DGSLUnlit.hlsl">
      <Filter>Src\Shaders</Filter>
    </None>
    <None Include="Src\Shaders\DGSLLambert.hlsl">
      <Filter>Src\Shaders</Filter>
    </None>
    <None Include="Src\Shaders\Compiled\AlphaTestEffect_PSAlphaTestEqNe.inc">
      <Filter>Src\Shaders\Compiled</Filter>
    </None>
    <None Include="Src\Shaders\Compiled\AlphaTestEffect_PSAlphaTestEqNeNoFog.inc">
      <Filter>Src\Shaders\Compiled</Filter>
    </None>
    <None Include="Src\Shaders\Compiled\AlphaTestEffect_PSAlphaTestLtGt.inc">
      <Filter>Src\Shaders\Compiled</Filter>
    </None>
    <None Include="Src\Shaders\Compiled\AlphaTestEffect_PSAlphaTestLtGtNoFog.inc">
      <Filter>Src\Shaders\Compiled</Filter>
    </None>
    <None Include="Src\Shaders\Compiled\AlphaTestEffect_VSAlphaTest.inc">
      <Filter>Src\Shaders\Compiled</Filter>
    </None>
    <None Include="Src\Shaders\Compiled\AlphaTestEffect_VSAlphaTestNoFog.inc">
      <Filter>Src\Shaders\Compiled</Filter>
    </None>
    <None Include="Src\Shaders\Compiled\AlphaTestEffect_VSAlphaTestVc.inc">
      <Filter>Src\Shaders\Compiled</Filter>
    </None>
    <None Include="Src\Shaders\Compiled\AlphaTestEffect_VSAlphaTestVcNoFog.inc">
      <Filter>Src\Shaders\Compiled</Filter>
    </None>
    <None Include="Src\Shaders\Compiled\BasicEffect_PSBasic.inc">
      <Filter>Src\Shaders\Compiled</Filter>
    </None>
    <None Include="Src\Shaders\Compiled\BasicEffect_PSBasicNoFog.inc">
      <Filter>Src\Shaders\Compiled</Filter>
    </None>
    <None Include="Src\Shaders\Compiled\BasicEffect_PSBasicPixelLighting.inc">
      <Filter>Src\Shaders\Compiled</Filter>
    </None>
    <None Include="Src\Shaders\Compiled\BasicEffect_PSBasicPixelLightingTx.inc">
      <Filter>Src\Shaders\Compiled</Filter>
    </None>
    <None Include="Src\Shaders\Compiled\BasicEffect_PSBasicTx.inc">
      <Filter>Src\Shaders\Compiled</Filter>
    </None>
    <None Include="Src\Shaders\Compiled\BasicEffect_PSBasicTxNoFog.inc">
      <Filter>Src\Shaders\Compiled</Filter>
    </None>
    <None Include="Src\Shaders\Compiled\BasicEffect_PSBasicVertexLighting.inc">
      <Filter>Src\Shaders\Compiled</Filter>
    </None>
    <None Include="Src\Shaders\Compiled\BasicEffect_PSBasicVertexLightingNoFog.inc">
      <Filter>Src\Shaders\Compiled</Filter>
    </None>
    <None Include="Src\Shaders\Compiled\BasicEffect_PSBasicVertexLightingTx.inc">
      <Filter>Src\Shaders\Compiled</Filter>
    </None>
    <None Include="Src\Shaders\Compiled\BasicEffect_PSBasicVertexLightingTxNoFog.inc">
      <Filter>Src\Shaders\Compiled</Filter>
    </None>
    <None Include="Src\Shaders\Compiled\BasicEffect_VSBasic.inc">
      <Filter>Src\Shaders\Compiled</Filter>
    </None>
    <None Include="Src\Shaders\Compiled\BasicEffect_VSBasicNoFog.inc">
      <Filter>Src\Shaders\Compiled</Filter>
    </None>
    <None Include="Src\Shaders\Compiled\BasicEffect_VSBasicOneLight.inc">
      <Filter>Src\Shaders\Compiled</Filter>
    </None>
    <None Include="Src\Shaders\Compiled\BasicEffect_VSBasicOneLightTx.inc">
      <Filter>Src\Shaders\Compiled</Filter>
    </None>
    <None Include="Src\Shaders\Compiled\BasicEffect_VSBasicOneLightTxVc.inc">
      <Filter>Src\Shaders\Compiled</Filter>
    </None>
    <None Include="Src\Shaders\Compiled\BasicEffect_VSBasicOneLightVc.inc">
      <Filter>Src\Shaders\Compiled</Filter>
    </None>
    <None Include="Src\Shaders\Compiled\BasicEffect_VSBasicPixelLighting.inc">
      <Filter>Src\Shaders\Compiled</Filter>
    </None>
    <None Include="Src\Shaders\Compiled\BasicEffect_VSBasicPixelLightingTx.inc">
      <Filter>Src\Shaders\Compiled</Filter>
    </None>
    <None Include="Src\Shaders\Compiled\BasicEffect_VSBasicPixelLightingTxVc.inc">
      <Filter>Src\Shaders\Compiled</Filter>
    </None>
    <None Include="Src\Shaders\Compiled\BasicEffect_VSBasicPixelLightingVc.inc">
      <Filter>Src\Shaders\Compiled</Filter>
    </None>
    <None Include="Src\Shaders\Compiled\BasicEffect_VSBasicTx.inc">
      <Filter>Src\Shaders\Compiled</Filter>
    </None>
    <None Include="Src\Shaders\Compiled\BasicEffect_VSBasicTxNoFog.inc">
      <Filter>Src\Shaders\Compiled</Filter>
    </None>
    <None Include="Src\Shaders\Compiled\BasicEffect_VSBasicTxVc.inc">
      <Filter>Src\Shaders\Compiled</Filter>
    </None>
    <None Include="Src\Shaders\Compiled\BasicEffect_VSBasicTxVcNoFog.inc">
      <Filter>Src\Shaders\Compiled</Filter>
    </None>
    <None Include="Src\Shaders\Compiled\BasicEffect_VSBasicVc.inc">
      <Filter>Src\Shaders\Compiled</Filter>
    </None>
    <None Include="Src\Shaders\Compiled\BasicEffect_VSBasicVcNoFog.inc">
      <Filter>Src\Shaders\Compiled</Filter>
    </None>
    <None Include="Src\Shaders\Compiled\BasicEffect_VSBasicVertexLighting.inc">
      <Filter>Src\Shaders\Compiled</Filter>
    </None>
    <None Include="Src\Shaders\Compiled\BasicEffect_VSBasicVertexLightingTx.inc">
      <Filter>Src\Shaders\Compiled</Filter>
    </None>
    <None Include="Src\Shaders\Compiled\BasicEffect_VSBasicVertexLightingTxVc.inc">
      <Filter>Src\Shaders\Compiled</Filter>
    </None>
    <None Include="Src\Shaders\Compiled\BasicEffect_VSBasicVertexLightingVc.inc">
      <Filter>Src\Shaders\Compiled</Filter>
    </None>
    <None Include="Src\Shaders\Compiled\DGSLEffect_main.inc">
      <Filter>Src\Shaders\Compiled</Filter>
    </None>
    <None Include="Src\Shaders\Compiled\DGSLEffect_main1Bones.inc">
      <Filter>Src\Shaders\Compiled</Filter>
    </None>
    <None Include="Src\Shaders\Compiled\DGSLEffect_main1BonesVc.inc">
      <Filter>Src\Shaders\Compiled</Filter>
    </None>
    <None Include="Src\Shaders\Compiled\DGSLEffect_main2Bones.inc">
      <Filter>Src\Shaders\Compiled</Filter>
    </None>
    <None Include="Src\Shaders\Compiled\DGSLEffect_main2BonesVc.inc">
      <Filter>Src\Shaders\Compiled</Filter>
    </None>
    <None Include="Src\Shaders\Compiled\DGSLEffect_main4Bones.inc">
      <Filter>Src\Shaders\Compiled</Filter>
    </None>
    <None Include="Src\Shaders\Compiled\DGSLEffect_main4BonesVc.inc">
      <Filter>Src\Shaders\Compiled</Filter>
    </None>
    <None Include="Src\Shaders\Compiled\DGSLEffect_mainVc.inc">
      <Filter>Src\Shaders\Compiled</Filter>
    </None>
    <None Include="Src\Shaders\Compiled\DGSLLambert_main.inc">
      <Filter>Src\Shaders\Compiled</Filter>
    </None>
    <None Include="Src\Shaders\Compiled\DGSLLambert_mainTk.inc">
      <Filter>Src\Shaders\Compiled</Filter>
    </None>
    <None Include="Src\Shaders\Compiled\DGSLLambert_mainTx.inc">
      <Filter>Src\Shaders\Compiled</Filter>
    </None>
    <None Include="Src\Shaders\Compiled\DGSLLambert_mainTxTk.inc">
      <Filter>Src\Shaders\Compiled</Filter>
    </None>
    <None Include="Src\Shaders\Compiled\DGSLPhong_main.inc">
      <Filter>Src\Shaders\Compiled</Filter>
    </None>
    <None Include="Src\Shaders\Compiled\DGSLPhong_mainTk.inc">
      <Filter>Src\Shaders\Compiled</Filter>
    </None>
    <None Include="Src\Shaders\Compiled\DGSLPhong_mainTx.inc">
      <Filter>Src\Shaders\Compiled</Filter>
    </None>
    <None Include="Src\Shaders\Compiled\DGSLPhong_mainTxTk.inc">
      <Filter>Src\Shaders\Compiled</Filter>
    </None>
    <None Include="Src\Shaders\Compiled\DGSLUnlit_main.inc">
      <Filter>Src\Shaders\Compiled</Filter>
    </None>
    <None Include="Src\Shaders\Compiled\DGSLUnlit_mainTk.inc">
      <Filter>Src\Shaders\Compiled</Filter>
    </None>
    <None Include="Src\Shaders\Compiled\DGSLUnlit_mainTx.inc">
      <Filter>Src\Shaders\Compiled</Filter>
    </None>
    <None Include="Src\Shaders\Compiled\DGSLUnlit_mainTxTk.inc">
      <Filter>Src\Shaders\Compiled</Filter>
    </None>
    <None Include="Src\Shaders\Compiled\DualTextureEffect_PSDualTexture.inc">
      <Filter>Src\Shaders\Compiled</Filter>
    </None>
    <None Include="Src\Shaders\Compiled\DualTextureEffect_PSDualTextureNoFog.inc">
      <Filter>Src\Shaders\Compiled</Filter>
    </None>
    <None Include="Src\Shaders\Compiled\DualTextureEffect_VSDualTexture.inc">
      <Filter>Src\Shaders\Compiled</Filter>
    </None>
    <None Include="Src\Shaders\Compiled\DualTextureEffect_VSDualTextureNoFog.inc">
      <Filter>Src\Shaders\Compiled</Filter>
    </None>
    <None Include="Src\Shaders\Compiled\DualTextureEffect_VSDualTextureVc.inc">
      <Filter>Src\Shaders\Compiled</Filter>
    </None>
    <None Include="Src\Shaders\Compiled\DualTextureEffect_VSDualTextureVcNoFog.inc">
      <Filter>Src\Shaders\Compiled</Filter>
    </None>
    <None Include="Src\Shaders\Compiled\EnvironmentMapEffect_PSEnvMap.inc">
      <Filter>Src\Shaders\Compiled</Filter>
    </None>
    <None Include="Src\Shaders\Compiled\EnvironmentMapEffect_PSEnvMapNoFog.inc">
      <Filter>Src\Shaders\Compiled</Filter>
    </None>
    <None Include="Src\Shaders\Compiled\EnvironmentMapEffect_PSEnvMapSpecular.inc">
      <Filter>Src\Shaders\Compiled</Filter>
    </None>
    <None Include="Src\Shaders\Compiled\EnvironmentMapEffect_PSEnvMapSpecularNoFog.inc">
      <Filter>Src\Shaders\Compiled</Filter>
    </None>
    <None Include="Src\Shaders\Compiled\EnvironmentMapEffect_VSEnvMap.inc">
      <Filter>Src\Shaders\Compiled</Filter>
    </None>
    <None Include="Src\Shaders\Compiled\EnvironmentMapEffect_VSEnvMapFresnel.inc">
      <Filter>Src\Shaders\Compiled</Filter>
    </None>
    <None Include="Src\Shaders\Compiled\EnvironmentMapEffect_VSEnvMapOneLight.inc">
      <Filter>Src\Shaders\Compiled</Filter>
    </None>
    <None Include="Src\Shaders\Compiled\EnvironmentMapEffect_VSEnvMapOneLightFresnel.inc">
      <Filter>Src\Shaders\Compiled</Filter>
    </None>
    <None Include="Src\Shaders\Compiled\SkinnedEffect_PSSkinnedPixelLighting.inc">
      <Filter>Src\Shaders\Compiled</Filter>
    </None>
    <None Include="Src\Shaders\Compiled\SkinnedEffect_PSSkinnedVertexLighting.inc">
      <Filter>Src\Shaders\Compiled</Filter>
    </None>
    <None Include="Src\Shaders\Compiled\SkinnedEffect_PSSkinnedVertexLightingNoFog.inc">
      <Filter>Src\Shaders\Compiled</Filter>
    </None>
    <None Include="Src\Shaders\Compiled\SkinnedEffect_VSSkinnedOneLightFourBones.inc">
      <Filter>Src\Shaders\Compiled</Filter>
    </None>
    <None Include="Src\Shaders\Compiled\SkinnedEffect_VSSkinnedOneLightOneBone.inc">
      <Filter>Src\Shaders\Compiled</Filter>
    </None>
    <None Include="Src\Shaders\Compiled\SkinnedEffect_VSSkinnedOneLightTwoBones.inc">
      <Filter>Src\Shaders\Compiled</Filter>
    </None>
    <None Include="Src\Shaders\Compiled\SkinnedEffect_VSSkinnedPixelLightingFourBones.inc">
      <Filter>Src\Shaders\Compiled</Filter>
    </None>
    <None Include="Src\Shaders\Compiled\SkinnedEffect_VSSkinnedPixelLightingOneBone.inc">
      <Filter>Src\Shaders\Compiled</Filter>
    </None>
    <None Include="Src\Shaders\Compiled\SkinnedEffect_VSSkinnedPixelLightingTwoBones.inc">
      <Filter>Src\Shaders\Compiled</Filter>
    </None>
    <None Include="Src\Shaders\Compiled\SkinnedEffect_VSSkinnedVertexLightingFourBones.inc">
      <Filter>Src\Shaders\Compiled</Filter>
    </None>
    <None Include="Src\Shaders\Compiled\SkinnedEffect_VSSkinnedVertexLightingOneBone.inc">
      <Filter>Src\Shaders\Compiled</Filter>
    </None>
    <None Include="Src\Shaders\Compiled\SkinnedEffect_VSSkinnedVertexLightingTwoBones.inc">
      <Filter>Src\Shaders\Compiled</Filter>
    </None>
    <None Include="Src\Shaders\Compiled\SpriteEffect_SpritePixelShader.inc">
      <Filter>Src\Shaders\Compiled</Filter>
    </None>
    <None Include="Src\Shaders\Compiled\SpriteEffect_SpriteVertexShader.inc">
      <Filter>Src\Shaders\Compiled</Filter>
    </None>
    <None Include="Src\TeapotData.inc">
      <Filter>Src\Shared</Filter>
    </None>
    <None Include="Src\Shaders\Common.fxh">
      <Filter>Src\Shaders\Shared</Filter>
    </None>
    <None Include="Src\Shaders\Lighting.fxh">
      <Filter>Src\Shaders\Shared</Filter>
    </None>
    <None Include="Src\Shaders\Structures.fxh">
      <Filter>Src\Shaders\Shared</Filter>
    </None>
    <None Include="Src\Shaders\NormalMapEffect.fx">
      <Filter>Src\Shaders</Filter>
    </None>
    <None Include="Src\Shaders\Compiled\NormalMapEffect_PSNormalPixelLightingTx.inc">
      <Filter>Src\Shaders\Compiled</Filter>
    </None>
    <None Include="Src\Shaders\Compiled\NormalMapEffect_PSNormalPixelLightingTxNoFog.inc">
      <Filter>Src\Shaders\Compiled</Filter>
    </None>
    <None Include="Src\Shaders\Compiled\NormalMapEffect_VSNormalPixelLightingTx.inc">
      <Filter>Src\Shaders\Compiled</Filter>
    </None>
    <None Include="Src\Shaders\Compiled\NormalMapEffect_VSNormalPixelLightingTxVc.inc">
      <Filter>Src\Shaders\Compiled</Filter>
    </None>
    <None Include="Src\Shaders\Compiled\EnvironmentMapEffect_PSEnvMapPixelLighting.inc">
      <Filter>Src\Shaders\Compiled</Filter>
    </None>
    <None Include="Src\Shaders\Compiled\EnvironmentMapEffect_PSEnvMapPixelLightingFresnel.inc">
      <Filter>Src\Shaders\Compiled</Filter>
    </None>
    <None Include="Src\Shaders\Compiled\EnvironmentMapEffect_PSEnvMapPixelLightingFresnelNoFog.inc">
      <Filter>Src\Shaders\Compiled</Filter>
    </None>
    <None Include="Src\Shaders\Compiled\EnvironmentMapEffect_PSEnvMapPixelLightingNoFog.inc">
      <Filter>Src\Shaders\Compiled</Filter>
    </None>
    <None Include="Src\Shaders\Compiled\EnvironmentMapEffect_VSEnvMapPixelLighting.inc">
      <Filter>Src\Shaders\Compiled</Filter>
    </None>
    <None Include="Src\Shaders\Compiled\NormalMapEffect_PSNormalPixelLightingTxNoFogSpec.inc">
      <Filter>Src\Shaders\Compiled</Filter>
    </None>
    <None Include="Src\Shaders\Compiled\NormalMapEffect_PSNormalPixelLightingTxNoSpec.inc">
      <Filter>Src\Shaders\Compiled</Filter>
    </None>
    <None Include="Src\Shaders\Compiled\AlphaTestEffect_PSAlphaTestEqNe.pdb">
      <Filter>Src\Shaders\Symbols</Filter>
    </None>
    <None Include="Src\Shaders\Compiled\AlphaTestEffect_PSAlphaTestEqNeNoFog.pdb">
      <Filter>Src\Shaders\Symbols</Filter>
    </None>
    <None Include="Src\Shaders\Compiled\AlphaTestEffect_PSAlphaTestLtGt.pdb">
      <Filter>Src\Shaders\Symbols</Filter>
    </None>
    <None Include="Src\Shaders\Compiled\AlphaTestEffect_PSAlphaTestLtGtNoFog.pdb">
      <Filter>Src\Shaders\Symbols</Filter>
    </None>
    <None Include="Src\Shaders\Compiled\AlphaTestEffect_VSAlphaTest.pdb">
      <Filter>Src\Shaders\Symbols</Filter>
    </None>
    <None Include="Src\Shaders\Compiled\AlphaTestEffect_VSAlphaTestNoFog.pdb">
      <Filter>Src\Shaders\Symbols</Filter>
    </None>
    <None Include="Src\Shaders\Compiled\AlphaTestEffect_VSAlphaTestVc.pdb">
      <Filter>Src\Shaders\Symbols</Filter>
    </None>
    <None Include="Src\Shaders\Compiled\AlphaTestEffect_VSAlphaTestVcNoFog.pdb">
      <Filter>Src\Shaders\Symbols</Filter>
    </None>
    <None Include="Src\Shaders\Compiled\BasicEffect_PSBasic.pdb">
      <Filter>Src\Shaders\Symbols</Filter>
    </None>
    <None Include="Src\Shaders\Compiled\BasicEffect_PSBasicNoFog.pdb">
      <Filter>Src\Shaders\Symbols</Filter>
    </None>
    <None Include="Src\Shaders\Compiled\BasicEffect_PSBasicPixelLighting.pdb">
      <Filter>Src\Shaders\Symbols</Filter>
    </None>
    <None Include="Src\Shaders\Compiled\BasicEffect_PSBasicPixelLightingTx.pdb">
      <Filter>Src\Shaders\Symbols</Filter>
    </None>
    <None Include="Src\Shaders\Compiled\BasicEffect_PSBasicTx.pdb">
      <Filter>Src\Shaders\Symbols</Filter>
    </None>
    <None Include="Src\Shaders\Compiled\BasicEffect_PSBasicTxNoFog.pdb">
      <Filter>Src\Shaders\Symbols</Filter>
    </None>
    <None Include="Src\Shaders\Compiled\BasicEffect_PSBasicVertexLighting.pdb">
      <Filter>Src\Shaders\Symbols</Filter>
    </None>
    <None Include="Src\Shaders\Compiled\BasicEffect_PSBasicVertexLightingNoFog.pdb">
      <Filter>Src\Shaders\Symbols</Filter>
    </None>
    <None Include="Src\Shaders\Compiled\BasicEffect_PSBasicVertexLightingTx.pdb">
      <Filter>Src\Shaders\Symbols</Filter>
    </None>
    <None Include="Src\Shaders\Compiled\BasicEffect_PSBasicVertexLightingTxNoFog.pdb">
      <Filter>Src\Shaders\Symbols</Filter>
    </None>
    <None Include="Src\Shaders\Compiled\BasicEffect_VSBasic.pdb">
      <Filter>Src\Shaders\Symbols</Filter>
    </None>
    <None Include="Src\Shaders\Compiled\BasicEffect_VSBasicNoFog.pdb">
      <Filter>Src\Shaders\Symbols</Filter>
    </None>
    <None Include="Src\Shaders\Compiled\BasicEffect_VSBasicOneLight.pdb">
      <Filter>Src\Shaders\Symbols</Filter>
    </None>
    <None Include="Src\Shaders\Compiled\BasicEffect_VSBasicOneLightTx.pdb">
      <Filter>Src\Shaders\Symbols</Filter>
    </None>
    <None Include="Src\Shaders\Compiled\BasicEffect_VSBasicOneLightTxVc.pdb">
      <Filter>Src\Shaders\Symbols</Filter>
    </None>
    <None Include="Src\Shaders\Compiled\BasicEffect_VSBasicOneLightVc.pdb">
      <Filter>Src\Shaders\Symbols</Filter>
    </None>
    <None Include="Src\Shaders\Compiled\BasicEffect_VSBasicPixelLighting.pdb">
      <Filter>Src\Shaders\Symbols</Filter>
    </None>
    <None Include="Src\Shaders\Compiled\BasicEffect_VSBasicPixelLightingTx.pdb">
      <Filter>Src\Shaders\Symbols</Filter>
    </None>
    <None Include="Src\Shaders\Compiled\BasicEffect_VSBasicPixelLightingTxVc.pdb">
      <Filter>Src\Shaders\Symbols</Filter>
    </None>
    <None Include="Src\Shaders\Compiled\BasicEffect_VSBasicPixelLightingVc.pdb">
      <Filter>Src\Shaders\Symbols</Filter>
    </None>
    <None Include="Src\Shaders\Compiled\BasicEffect_VSBasicTx.pdb">
      <Filter>Src\Shaders\Symbols</Filter>
    </None>
    <None Include="Src\Shaders\Compiled\BasicEffect_VSBasicTxNoFog.pdb">
      <Filter>Src\Shaders\Symbols</Filter>
    </None>
    <None Include="Src\Shaders\Compiled\BasicEffect_VSBasicTxVc.pdb">
      <Filter>Src\Shaders\Symbols</Filter>
    </None>
    <None Include="Src\Shaders\Compiled\BasicEffect_VSBasicTxVcNoFog.pdb">
      <Filter>Src\Shaders\Symbols</Filter>
    </None>
    <None Include="Src\Shaders\Compiled\BasicEffect_VSBasicVc.pdb">
      <Filter>Src\Shaders\Symbols</Filter>
    </None>
    <None Include="Src\Shaders\Compiled\BasicEffect_VSBasicVcNoFog.pdb">
      <Filter>Src\Shaders\Symbols</Filter>
    </None>
    <None Include="Src\Shaders\Compiled\BasicEffect_VSBasicVertexLighting.pdb">
      <Filter>Src\Shaders\Symbols</Filter>
    </None>
    <None Include="Src\Shaders\Compiled\BasicEffect_VSBasicVertexLightingTx.pdb">
      <Filter>Src\Shaders\Symbols</Filter>
    </None>
    <None Include="Src\Shaders\Compiled\BasicEffect_VSBasicVertexLightingTxVc.pdb">
      <Filter>Src\Shaders\Symbols</Filter>
    </None>
    <None Include="Src\Shaders\Compiled\BasicEffect_VSBasicVertexLightingVc.pdb">
      <Filter>Src\Shaders\Symbols</Filter>
    </None>
    <None Include="Src\Shaders\Compiled\DGSLEffect_main.pdb">
      <Filter>Src\Shaders\Symbols</Filter>
    </None>
    <None Include="Src\Shaders\Compiled\DGSLEffect_main1Bones.pdb">
      <Filter>Src\Shaders\Symbols</Filter>
    </None>
    <None Include="Src\Shaders\Compiled\DGSLEffect_main1BonesVc.pdb">
      <Filter>Src\Shaders\Symbols</Filter>
    </None>
    <None Include="Src\Shaders\Compiled\DGSLEffect_main2Bones.pdb">
      <Filter>Src\Shaders\Symbols</Filter>
    </None>
    <None Include="Src\Shaders\Compiled\DGSLEffect_main2BonesVc.pdb">
      <Filter>Src\Shaders\Symbols</Filter>
    </None>
    <None Include="Src\Shaders\Compiled\DGSLEffect_main4Bones.pdb">
      <Filter>Src\Shaders\Symbols</Filter>
    </None>
    <None Include="Src\Shaders\Compiled\DGSLEffect_main4BonesVc.pdb">
      <Filter>Src\Shaders\Symbols</Filter>
    </None>
    <None Include="Src\Shaders\Compiled\DGSLEffect_mainVc.pdb">
      <Filter>Src\Shaders\Symbols</Filter>
    </None>
    <None Include="Src\Shaders\Compiled\DGSLLambert_main.pdb">
      <Filter>Src\Shaders\Symbols</Filter>
    </None>
    <None Include="Src\Shaders\Compiled\DGSLLambert_mainTk.pdb">
      <Filter>Src\Shaders\Symbols</Filter>
    </None>
    <None Include="Src\Shaders\Compiled\DGSLLambert_mainTx.pdb">
      <Filter>Src\Shaders\Symbols</Filter>
    </None>
    <None Include="Src\Shaders\Compiled\DGSLLambert_mainTxTk.pdb">
      <Filter>Src\Shaders\Symbols</Filter>
    </None>
    <None Include="Src\Shaders\Compiled\DGSLPhong_main.pdb">
      <Filter>Src\Shaders\Symbols</Filter>
    </None>
    <None Include="Src\Shaders\Compiled\DGSLPhong_mainTk.pdb">
      <Filter>Src\Shaders\Symbols</Filter>
    </None>
    <None Include="Src\Shaders\Compiled\DGSLPhong_mainTx.pdb">
      <Filter>Src\Shaders\Symbols</Filter>
    </None>
    <None Include="Src\Shaders\Compiled\DGSLPhong_mainTxTk.pdb">
      <Filter>Src\Shaders\Symbols</Filter>
    </None>
    <None Include="Src\Shaders\Compiled\DGSLUnlit_main.pdb">
      <Filter>Src\Shaders\Symbols</Filter>
    </None>
    <None Include="Src\Shaders\Compiled\DGSLUnlit_mainTk.pdb">
      <Filter>Src\Shaders\Symbols</Filter>
    </None>
    <None Include="Src\Shaders\Compiled\DGSLUnlit_mainTx.pdb">
      <Filter>Src\Shaders\Symbols</Filter>
    </None>
    <None Include="Src\Shaders\Compiled\DGSLUnlit_mainTxTk.pdb">
      <Filter>Src\Shaders\Symbols</Filter>
    </None>
    <None Include="Src\Shaders\Compiled\DualTextureEffect_PSDualTexture.pdb">
      <Filter>Src\Shaders\Symbols</Filter>
    </None>
    <None Include="Src\Shaders\Compiled\DualTextureEffect_PSDualTextureNoFog.pdb">
      <Filter>Src\Shaders\Symbols</Filter>
    </None>
    <None Include="Src\Shaders\Compiled\DualTextureEffect_VSDualTexture.pdb">
      <Filter>Src\Shaders\Symbols</Filter>
    </None>
    <None Include="Src\Shaders\Compiled\DualTextureEffect_VSDualTextureNoFog.pdb">
      <Filter>Src\Shaders\Symbols</Filter>
    </None>
    <None Include="Src\Shaders\Compiled\DualTextureEffect_VSDualTextureVc.pdb">
      <Filter>Src\Shaders\Symbols</Filter>
    </None>
    <None Include="Src\Shaders\Compiled\DualTextureEffect_VSDualTextureVcNoFog.pdb">
      <Filter>Src\Shaders\Symbols</Filter>
    </None>
    <None Include="Src\Shaders\Compiled\EnvironmentMapEffect_PSEnvMap.pdb">
      <Filter>Src\Shaders\Symbols</Filter>
    </None>
    <None Include="Src\Shaders\Compiled\EnvironmentMapEffect_PSEnvMapNoFog.pdb">
      <Filter>Src\Shaders\Symbols</Filter>
    </None>
    <None Include="Src\Shaders\Compiled\EnvironmentMapEffect_PSEnvMapPixelLighting.pdb">
      <Filter>Src\Shaders\Symbols</Filter>
    </None>
    <None Include="Src\Shaders\Compiled\EnvironmentMapEffect_PSEnvMapPixelLightingFresnel.pdb">
      <Filter>Src\Shaders\Symbols</Filter>
    </None>
    <None Include="Src\Shaders\Compiled\EnvironmentMapEffect_PSEnvMapPixelLightingFresnelNoFog.pdb">
      <Filter>Src\Shaders\Symbols</Filter>
    </None>
    <None Include="Src\Shaders\Compiled\EnvironmentMapEffect_PSEnvMapPixelLightingNoFog.pdb">
      <Filter>Src\Shaders\Symbols</Filter>
    </None>
    <None Include="Src\Shaders\Compiled\EnvironmentMapEffect_PSEnvMapSpecular.pdb">
      <Filter>Src\Shaders\Symbols</Filter>
    </None>
    <None Include="Src\Shaders\Compiled\EnvironmentMapEffect_PSEnvMapSpecularNoFog.pdb">
      <Filter>Src\Shaders\Symbols</Filter>
    </None>
    <None Include="Src\Shaders\Compiled\EnvironmentMapEffect_VSEnvMap.pdb">
      <Filter>Src\Shaders\Symbols</Filter>
    </None>
    <None Include="Src\Shaders\Compiled\EnvironmentMapEffect_VSEnvMapFresnel.pdb">
      <Filter>Src\Shaders\Symbols</Filter>
    </None>
    <None Include="Src\Shaders\Compiled\EnvironmentMapEffect_VSEnvMapOneLight.pdb">
      <Filter>Src\Shaders\Symbols</Filter>
    </None>
    <None Include="Src\Shaders\Compiled\EnvironmentMapEffect_VSEnvMapOneLightFresnel.pdb">
      <Filter>Src\Shaders\Symbols</Filter>
    </None>
    <None Include="Src\Shaders\Compiled\EnvironmentMapEffect_VSEnvMapPixelLighting.pdb">
      <Filter>Src\Shaders\Symbols</Filter>
    </None>
    <None Include="Src\Shaders\Compiled\NormalMapEffect_PSNormalPixelLightingTx.pdb">
      <Filter>Src\Shaders\Symbols</Filter>
    </None>
    <None Include="Src\Shaders\Compiled\NormalMapEffect_PSNormalPixelLightingTxNoFog.pdb">
      <Filter>Src\Shaders\Symbols</Filter>
    </None>
    <None Include="Src\Shaders\Compiled\NormalMapEffect_PSNormalPixelLightingTxNoFogSpec.pdb">
      <Filter>Src\Shaders\Symbols</Filter>
    </None>
    <None Include="Src\Shaders\Compiled\NormalMapEffect_PSNormalPixelLightingTxNoSpec.pdb">
      <Filter>Src\Shaders\Symbols</Filter>
    </None>
    <None Include="Src\Shaders\Compiled\NormalMapEffect_VSNormalPixelLightingTx.pdb">
      <Filter>Src\Shaders\Symbols</Filter>
    </None>
    <None Include="Src\Shaders\Compiled\NormalMapEffect_VSNormalPixelLightingTxVc.pdb">
      <Filter>Src\Shaders\Symbols</Filter>
    </None>
    <None Include="Src\Shaders\Compiled\SkinnedEffect_PSSkinnedPixelLighting.pdb">
      <Filter>Src\Shaders\Symbols</Filter>
    </None>
    <None Include="Src\Shaders\Compiled\SkinnedEffect_PSSkinnedVertexLighting.pdb">
      <Filter>Src\Shaders\Symbols</Filter>
    </None>
    <None Include="Src\Shaders\Compiled\SkinnedEffect_PSSkinnedVertexLightingNoFog.pdb">
      <Filter>Src\Shaders\Symbols</Filter>
    </None>
    <None Include="Src\Shaders\Compiled\SkinnedEffect_VSSkinnedOneLightFourBones.pdb">
      <Filter>Src\Shaders\Symbols</Filter>
    </None>
    <None Include="Src\Shaders\Compiled\SkinnedEffect_VSSkinnedOneLightOneBone.pdb">
      <Filter>Src\Shaders\Symbols</Filter>
    </None>
    <None Include="Src\Shaders\Compiled\SkinnedEffect_VSSkinnedOneLightTwoBones.pdb">
      <Filter>Src\Shaders\Symbols</Filter>
    </None>
    <None Include="Src\Shaders\Compiled\SkinnedEffect_VSSkinnedPixelLightingFourBones.pdb">
      <Filter>Src\Shaders\Symbols</Filter>
    </None>
    <None Include="Src\Shaders\Compiled\SkinnedEffect_VSSkinnedPixelLightingOneBone.pdb">
      <Filter>Src\Shaders\Symbols</Filter>
    </None>
    <None Include="Src\Shaders\Compiled\SkinnedEffect_VSSkinnedPixelLightingTwoBones.pdb">
      <Filter>Src\Shaders\Symbols</Filter>
    </None>
    <None Include="Src\Shaders\Compiled\SkinnedEffect_VSSkinnedVertexLightingFourBones.pdb">
      <Filter>Src\Shaders\Symbols</Filter>
    </None>
    <None Include="Src\Shaders\Compiled\SkinnedEffect_VSSkinnedVertexLightingOneBone.pdb">
      <Filter>Src\Shaders\Symbols</Filter>
    </None>
    <None Include="Src\Shaders\Compiled\SkinnedEffect_VSSkinnedVertexLightingTwoBones.pdb">
      <Filter>Src\Shaders\Symbols</Filter>
    </None>
    <None Include="Src\Shaders\Compiled\SpriteEffect_SpritePixelShader.pdb">
      <Filter>Src\Shaders\Symbols</Filter>
    </None>
    <None Include="Src\Shaders\Compiled\SpriteEffect_SpriteVertexShader.pdb">
      <Filter>Src\Shaders\Symbols</Filter>
    </None>
    <None Include="Src\Shaders\Compiled\BasicEffect_VSBasicVertexLightingBn.inc">
      <Filter>Src\Shaders\Compiled</Filter>
    </None>
    <None Include="Src\Shaders\Compiled\BasicEffect_VSBasicVertexLightingBn.pdb">
      <Filter>Src\Shaders\Symbols</Filter>
    </None>
    <None Include="Src\Shaders\Compiled\BasicEffect_VSBasicOneLightBn.inc">
      <Filter>Src\Shaders\Compiled</Filter>
    </None>
    <None Include="Src\Shaders\Compiled\BasicEffect_VSBasicOneLightTxBn.inc">
      <Filter>Src\Shaders\Compiled</Filter>
    </None>
    <None Include="Src\Shaders\Compiled\BasicEffect_VSBasicOneLightTxVcBn.inc">
      <Filter>Src\Shaders\Compiled</Filter>
    </None>
    <None Include="Src\Shaders\Compiled\BasicEffect_VSBasicOneLightVcBn.inc">
      <Filter>Src\Shaders\Compiled</Filter>
    </None>
    <None Include="Src\Shaders\Compiled\BasicEffect_VSBasicPixelLightingBn.inc">
      <Filter>Src\Shaders\Compiled</Filter>
    </None>
    <None Include="Src\Shaders\Compiled\BasicEffect_VSBasicPixelLightingTxBn.inc">
      <Filter>Src\Shaders\Compiled</Filter>
    </None>
    <None Include="Src\Shaders\Compiled\BasicEffect_VSBasicPixelLightingTxVcBn.inc">
      <Filter>Src\Shaders\Compiled</Filter>
    </None>
    <None Include="Src\Shaders\Compiled\BasicEffect_VSBasicPixelLightingVcBn.inc">
      <Filter>Src\Shaders\Compiled</Filter>
    </None>
    <None Include="Src\Shaders\Compiled\BasicEffect_VSBasicVertexLightingTxBn.inc">
      <Filter>Src\Shaders\Compiled</Filter>
    </None>
    <None Include="Src\Shaders\Compiled\BasicEffect_VSBasicVertexLightingTxVcBn.inc">
      <Filter>Src\Shaders\Compiled</Filter>
    </None>
    <None Include="Src\Shaders\Compiled\BasicEffect_VSBasicVertexLightingVcBn.inc">
      <Filter>Src\Shaders\Compiled</Filter>
    </None>
    <None Include="Src\Shaders\Compiled\BasicEffect_VSBasicOneLightBn.pdb">
      <Filter>Src\Shaders\Symbols</Filter>
    </None>
    <None Include="Src\Shaders\Compiled\BasicEffect_VSBasicOneLightTxBn.pdb">
      <Filter>Src\Shaders\Symbols</Filter>
    </None>
    <None Include="Src\Shaders\Compiled\BasicEffect_VSBasicOneLightTxVcBn.pdb">
      <Filter>Src\Shaders\Symbols</Filter>
    </None>
    <None Include="Src\Shaders\Compiled\BasicEffect_VSBasicOneLightVcBn.pdb">
      <Filter>Src\Shaders\Symbols</Filter>
    </None>
    <None Include="Src\Shaders\Compiled\BasicEffect_VSBasicPixelLightingBn.pdb">
      <Filter>Src\Shaders\Symbols</Filter>
    </None>
    <None Include="Src\Shaders\Compiled\BasicEffect_VSBasicPixelLightingTxBn.pdb">
      <Filter>Src\Shaders\Symbols</Filter>
    </None>
    <None Include="Src\Shaders\Compiled\BasicEffect_VSBasicPixelLightingTxVcBn.pdb">
      <Filter>Src\Shaders\Symbols</Filter>
    </None>
    <None Include="Src\Shaders\Compiled\BasicEffect_VSBasicPixelLightingVcBn.pdb">
      <Filter>Src\Shaders\Symbols</Filter>
    </None>
    <None Include="Src\Shaders\Compiled\BasicEffect_VSBasicVertexLightingTxBn.pdb">
      <Filter>Src\Shaders\Symbols</Filter>
    </None>
    <None Include="Src\Shaders\Compiled\BasicEffect_VSBasicVertexLightingTxVcBn.pdb">
      <Filter>Src\Shaders\Symbols</Filter>
    </None>
    <None Include="Src\Shaders\Compiled\BasicEffect_VSBasicVertexLightingVcBn.pdb">
      <Filter>Src\Shaders\Symbols</Filter>
    </None>
    <None Include="Src\Shaders\Compiled\EnvironmentMapEffect_VSEnvMapBn.inc">
      <Filter>Src\Shaders\Compiled</Filter>
    </None>
    <None Include="Src\Shaders\Compiled\EnvironmentMapEffect_VSEnvMapFresnelBn.inc">
      <Filter>Src\Shaders\Compiled</Filter>
    </None>
    <None Include="Src\Shaders\Compiled\EnvironmentMapEffect_VSEnvMapOneLightBn.inc">
      <Filter>Src\Shaders\Compiled</Filter>
    </None>
    <None Include="Src\Shaders\Compiled\EnvironmentMapEffect_VSEnvMapOneLightFresnelBn.inc">
      <Filter>Src\Shaders\Compiled</Filter>
    </None>
    <None Include="Src\Shaders\Compiled\EnvironmentMapEffect_VSEnvMapPixelLightingBn.inc">
      <Filter>Src\Shaders\Compiled</Filter>
    </None>
    <None Include="Src\Shaders\Compiled\NormalMapEffect_VSNormalPixelLightingTxBn.inc">
      <Filter>Src\Shaders\Compiled</Filter>
    </None>
    <None Include="Src\Shaders\Compiled\NormalMapEffect_VSNormalPixelLightingTxVcBn.inc">
      <Filter>Src\Shaders\Compiled</Filter>
    </None>
    <None Include="Src\Shaders\Compiled\SkinnedEffect_VSSkinnedOneLightFourBonesBn.inc">
      <Filter>Src\Shaders\Compiled</Filter>
    </None>
    <None Include="Src\Shaders\Compiled\SkinnedEffect_VSSkinnedOneLightOneBoneBn.inc">
      <Filter>Src\Shaders\Compiled</Filter>
    </None>
    <None Include="Src\Shaders\Compiled\SkinnedEffect_VSSkinnedOneLightTwoBonesBn.inc">
      <Filter>Src\Shaders\Compiled</Filter>
    </None>
    <None Include="Src\Shaders\Compiled\SkinnedEffect_VSSkinnedPixelLightingFourBonesBn.inc">
      <Filter>Src\Shaders\Compiled</Filter>
    </None>
    <None Include="Src\Shaders\Compiled\SkinnedEffect_VSSkinnedPixelLightingOneBoneBn.inc">
      <Filter>Src\Shaders\Compiled</Filter>
    </None>
    <None Include="Src\Shaders\Compiled\SkinnedEffect_VSSkinnedPixelLightingTwoBonesBn.inc">
      <Filter>Src\Shaders\Compiled</Filter>
    </None>
    <None Include="Src\Shaders\Compiled\SkinnedEffect_VSSkinnedVertexLightingFourBonesBn.inc">
      <Filter>Src\Shaders\Compiled</Filter>
    </None>
    <None Include="Src\Shaders\Compiled\SkinnedEffect_VSSkinnedVertexLightingOneBoneBn.inc">
      <Filter>Src\Shaders\Compiled</Filter>
    </None>
    <None Include="Src\Shaders\Compiled\SkinnedEffect_VSSkinnedVertexLightingTwoBonesBn.inc">
      <Filter>Src\Shaders\Compiled</Filter>
    </None>
    <None Include="Src\Shaders\Compiled\EnvironmentMapEffect_VSEnvMapBn.pdb">
      <Filter>Src\Shaders\Symbols</Filter>
    </None>
    <None Include="Src\Shaders\Compiled\EnvironmentMapEffect_VSEnvMapFresnelBn.pdb">
      <Filter>Src\Shaders\Symbols</Filter>
    </None>
    <None Include="Src\Shaders\Compiled\EnvironmentMapEffect_VSEnvMapOneLightBn.pdb">
      <Filter>Src\Shaders\Symbols</Filter>
    </None>
    <None Include="Src\Shaders\Compiled\EnvironmentMapEffect_VSEnvMapOneLightFresnelBn.pdb">
      <Filter>Src\Shaders\Symbols</Filter>
    </None>
    <None Include="Src\Shaders\Compiled\EnvironmentMapEffect_VSEnvMapPixelLightingBn.pdb">
      <Filter>Src\Shaders\Symbols</Filter>
    </None>
    <None Include="Src\Shaders\Compiled\NormalMapEffect_VSNormalPixelLightingTxBn.pdb">
      <Filter>Src\Shaders\Symbols</Filter>
    </None>
    <None Include="Src\Shaders\Compiled\NormalMapEffect_VSNormalPixelLightingTxVcBn.pdb">
      <Filter>Src\Shaders\Symbols</Filter>
    </None>
    <None Include="Src\Shaders\Compiled\SkinnedEffect_VSSkinnedOneLightFourBonesBn.pdb">
      <Filter>Src\Shaders\Symbols</Filter>
    </None>
    <None Include="Src\Shaders\Compiled\SkinnedEffect_VSSkinnedOneLightOneBoneBn.pdb">
      <Filter>Src\Shaders\Symbols</Filter>
    </None>
    <None Include="Src\Shaders\Compiled\SkinnedEffect_VSSkinnedOneLightTwoBonesBn.pdb">
      <Filter>Src\Shaders\Symbols</Filter>
    </None>
    <None Include="Src\Shaders\Compiled\SkinnedEffect_VSSkinnedPixelLightingFourBonesBn.pdb">
      <Filter>Src\Shaders\Symbols</Filter>
    </None>
    <None Include="Src\Shaders\Compiled\SkinnedEffect_VSSkinnedPixelLightingOneBoneBn.pdb">
      <Filter>Src\Shaders\Symbols</Filter>
    </None>
    <None Include="Src\Shaders\Compiled\SkinnedEffect_VSSkinnedPixelLightingTwoBonesBn.pdb">
      <Filter>Src\Shaders\Symbols</Filter>
    </None>
    <None Include="Src\Shaders\Compiled\SkinnedEffect_VSSkinnedVertexLightingFourBonesBn.pdb">
      <Filter>Src\Shaders\Symbols</Filter>
    </None>
    <None Include="Src\Shaders\Compiled\SkinnedEffect_VSSkinnedVertexLightingOneBoneBn.pdb">
      <Filter>Src\Shaders\Symbols</Filter>
    </None>
    <None Include="Src\Shaders\Compiled\SkinnedEffect_VSSkinnedVertexLightingTwoBonesBn.pdb">
      <Filter>Src\Shaders\Symbols</Filter>
    </None>
    <None Include="Src\Shaders\ToneMap.fx">
      <Filter>Src\Shaders</Filter>
    </None>
    <None Include="Src\Shaders\PostProcess.fx">
      <Filter>Src\Shaders</Filter>
    </None>
    <None Include="Src\Shaders\Compiled\PostProcess_PSBloomBlur.inc">
      <Filter>Src\Shaders\Compiled</Filter>
    </None>
    <None Include="Src\Shaders\Compiled\PostProcess_PSBloomCombine.inc">
      <Filter>Src\Shaders\Compiled</Filter>
    </None>
    <None Include="Src\Shaders\Compiled\PostProcess_PSBloomExtract.inc">
      <Filter>Src\Shaders\Compiled</Filter>
    </None>
    <None Include="Src\Shaders\Compiled\PostProcess_PSCopy.inc">
      <Filter>Src\Shaders\Compiled</Filter>
    </None>
    <None Include="Src\Shaders\Compiled\PostProcess_PSDownScale2x2.inc">
      <Filter>Src\Shaders\Compiled</Filter>
    </None>
    <None Include="Src\Shaders\Compiled\PostProcess_PSDownScale4x4.inc">
      <Filter>Src\Shaders\Compiled</Filter>
    </None>
    <None Include="Src\Shaders\Compiled\PostProcess_PSGaussianBlur5x5.inc">
      <Filter>Src\Shaders\Compiled</Filter>
    </None>
    <None Include="Src\Shaders\Compiled\PostProcess_PSMerge.inc">
      <Filter>Src\Shaders\Compiled</Filter>
    </None>
    <None Include="Src\Shaders\Compiled\PostProcess_PSMonochrome.inc">
      <Filter>Src\Shaders\Compiled</Filter>
    </None>
    <None Include="Src\Shaders\Compiled\PostProcess_PSSepia.inc">
      <Filter>Src\Shaders\Compiled</Filter>
    </None>
    <None Include="Src\Shaders\Compiled\PostProcess_VSQuad.inc">
      <Filter>Src\Shaders\Compiled</Filter>
    </None>
    <None Include="Src\Shaders\Compiled\PostProcess_PSBloomBlur.pdb">
      <Filter>Src\Shaders\Symbols</Filter>
    </None>
    <None Include="Src\Shaders\Compiled\PostProcess_PSBloomCombine.pdb">
      <Filter>Src\Shaders\Symbols</Filter>
    </None>
    <None Include="Src\Shaders\Compiled\PostProcess_PSBloomExtract.pdb">
      <Filter>Src\Shaders\Symbols</Filter>
    </None>
    <None Include="Src\Shaders\Compiled\PostProcess_PSCopy.pdb">
      <Filter>Src\Shaders\Symbols</Filter>
    </None>
    <None Include="Src\Shaders\Compiled\PostProcess_PSDownScale2x2.pdb">
      <Filter>Src\Shaders\Symbols</Filter>
    </None>
    <None Include="Src\Shaders\Compiled\PostProcess_PSDownScale4x4.pdb">
      <Filter>Src\Shaders\Symbols</Filter>
    </None>
    <None Include="Src\Shaders\Compiled\PostProcess_PSGaussianBlur5x5.pdb">
      <Filter>Src\Shaders\Symbols</Filter>
    </None>
    <None Include="Src\Shaders\Compiled\PostProcess_PSMerge.pdb">
      <Filter>Src\Shaders\Symbols</Filter>
    </None>
    <None Include="Src\Shaders\Compiled\PostProcess_PSMonochrome.pdb">
      <Filter>Src\Shaders\Symbols</Filter>
    </None>
    <None Include="Src\Shaders\Compiled\PostProcess_PSSepia.pdb">
      <Filter>Src\Shaders\Symbols</Filter>
    </None>
    <None Include="Src\Shaders\Compiled\PostProcess_VSQuad.pdb">
      <Filter>Src\Shaders\Symbols</Filter>
    </None>
    <None Include="Src\Shaders\Utilities.fxh">
      <Filter>Src\Shaders\Shared</Filter>
    </None>
    <None Include="Src\Shaders\Compiled\ToneMap_PS_SRGB.inc">
      <Filter>Src\Shaders\Compiled</Filter>
    </None>
    <None Include="Src\Shaders\Compiled\ToneMap_PSACESFilmic.inc">
      <Filter>Src\Shaders\Compiled</Filter>
    </None>
    <None Include="Src\Shaders\Compiled\ToneMap_PSACESFilmic_SRGB.inc">
      <Filter>Src\Shaders\Compiled</Filter>
    </None>
    <None Include="Src\Shaders\Compiled\ToneMap_PSCopy.inc">
      <Filter>Src\Shaders\Compiled</Filter>
    </None>
    <None Include="Src\Shaders\Compiled\ToneMap_PSHDR10.inc">
      <Filter>Src\Shaders\Compiled</Filter>
    </None>
    <None Include="Src\Shaders\Compiled\ToneMap_PSReinhard.inc">
      <Filter>Src\Shaders\Compiled</Filter>
    </None>
    <None Include="Src\Shaders\Compiled\ToneMap_PSReinhard_SRGB.inc">
      <Filter>Src\Shaders\Compiled</Filter>
    </None>
    <None Include="Src\Shaders\Compiled\ToneMap_PSSaturate.inc">
      <Filter>Src\Shaders\Compiled</Filter>
    </None>
    <None Include="Src\Shaders\Compiled\ToneMap_PSSaturate_SRGB.inc">
      <Filter>Src\Shaders\Compiled</Filter>
    </None>
    <None Include="Src\Shaders\Compiled\ToneMap_VSQuad.inc">
      <Filter>Src\Shaders\Compiled</Filter>
    </None>
    <None Include="Src\Shaders\Compiled\ToneMap_PS_SRGB.pdb">
      <Filter>Src\Shaders\Symbols</Filter>
    </None>
    <None Include="Src\Shaders\Compiled\ToneMap_PSACESFilmic.pdb">
      <Filter>Src\Shaders\Symbols</Filter>
    </None>
    <None Include="Src\Shaders\Compiled\ToneMap_PSACESFilmic_SRGB.pdb">
      <Filter>Src\Shaders\Symbols</Filter>
    </None>
    <None Include="Src\Shaders\Compiled\ToneMap_PSCopy.pdb">
      <Filter>Src\Shaders\Symbols</Filter>
    </None>
    <None Include="Src\Shaders\Compiled\ToneMap_PSHDR10.pdb">
      <Filter>Src\Shaders\Symbols</Filter>
    </None>
    <None Include="Src\Shaders\Compiled\ToneMap_PSReinhard.pdb">
      <Filter>Src\Shaders\Symbols</Filter>
    </None>
    <None Include="Src\Shaders\Compiled\ToneMap_PSReinhard_SRGB.pdb">
      <Filter>Src\Shaders\Symbols</Filter>
    </None>
    <None Include="Src\Shaders\Compiled\ToneMap_PSSaturate.pdb">
      <Filter>Src\Shaders\Symbols</Filter>
    </None>
    <None Include="Src\Shaders\Compiled\ToneMap_PSSaturate_SRGB.pdb">
      <Filter>Src\Shaders\Symbols</Filter>
    </None>
    <None Include="Src\Shaders\Compiled\ToneMap_VSQuad.pdb">
      <Filter>Src\Shaders\Symbols</Filter>
    </None>
  </ItemGroup>
</Project>