<?xml version="1.0" encoding="utf-8"?>
<Project ToolsVersion="12.0" xmlns="http://schemas.microsoft.com/developer/msbuild/2003">
  <ItemGroup>
    <Filter Include="Inc">
      <UniqueIdentifier>{a21625c9-ec83-4ae1-9b5e-d707c651574f}</UniqueIdentifier>
    </Filter>
    <Filter Include="Src">
      <UniqueIdentifier>{114d852e-9fdb-4749-82bd-40dac1f369d9}</UniqueIdentifier>
    </Filter>
    <Filter Include="Audio">
      <UniqueIdentifier>{ad0f732a-be00-4d93-a088-4c97d245208f}</UniqueIdentifier>
    </Filter>
  </ItemGroup>
  <ItemGroup>
    <ClInclude Include="Inc\Audio.h">
      <Filter>Inc</Filter>
    </ClInclude>
    <ClInclude Include="Inc\CommonStates.h">
      <Filter>Inc</Filter>
    </ClInclude>
    <ClInclude Include="Inc\ScreenGrab.h">
      <Filter>Inc</Filter>
    </ClInclude>
    <ClInclude Include="Inc\SpriteBatch.h">
      <Filter>Inc</Filter>
    </ClInclude>
    <ClInclude Include="Src\AlignedNew.h">
      <Filter>Src</Filter>
    </ClInclude>
    <ClInclude Include="Src\Bezier.h">
      <Filter>Src</Filter>
    </ClInclude>
    <ClInclude Include="Src\BinaryReader.h">
      <Filter>Src</Filter>
    </ClInclude>
    <ClInclude Include="Src\ConstantBuffer.h">
      <Filter>Src</Filter>
    </ClInclude>
    <ClInclude Include="Src\dds.h">
      <Filter>Src</Filter>
    </ClInclude>
    <ClInclude Include="Inc\DDSTextureLoader.h">
      <Filter>Src</Filter>
    </ClInclude>
    <ClInclude Include="Src\DemandCreate.h">
      <Filter>Src</Filter>
    </ClInclude>
    <ClInclude Include="Inc\DirectXHelpers.h">
      <Filter>Inc</Filter>
    </ClInclude>
    <ClInclude Include="Src\EffectCommon.h">
      <Filter>Src</Filter>
    </ClInclude>
    <ClInclude Include="Inc\Effects.h">
      <Filter>Inc</Filter>
    </ClInclude>
    <ClInclude Include="Inc\GeometricPrimitive.h">
      <Filter>Inc</Filter>
    </ClInclude>
    <ClInclude Include="Inc\Model.h">
      <Filter>Inc</Filter>
    </ClInclude>
    <ClInclude Include="Src\pch.h">
      <Filter>Src</Filter>
    </ClInclude>
    <ClInclude Include="Src\PlatformHelpers.h">
      <Filter>Src</Filter>
    </ClInclude>
    <ClInclude Include="Inc\PrimitiveBatch.h">
      <Filter>Inc</Filter>
    </ClInclude>
    <ClInclude Include="Inc\SimpleMath.h">
      <Filter>Inc</Filter>
    </ClInclude>
    <ClInclude Include="Inc\WICTextureLoader.h">
      <Filter>Inc</Filter>
    </ClInclude>
    <ClInclude Include="Inc\VertexTypes.h">
      <Filter>Inc</Filter>
    </ClInclude>
    <ClInclude Include="Inc\SpriteFont.h">
      <Filter>Inc</Filter>
    </ClInclude>
    <ClInclude Include="Audio\WAVFileReader.h">
      <Filter>Audio</Filter>
    </ClInclude>
    <ClInclude Include="Audio\WaveBankReader.h">
      <Filter>Audio</Filter>
    </ClInclude>
    <ClInclude Include="Audio\SoundCommon.h">
      <Filter>Audio</Filter>
    </ClInclude>
    <ClInclude Include="Src\SharedResourcePool.h">
      <Filter>Src</Filter>
    </ClInclude>
    <ClInclude Include="Inc\GamePad.h">
      <Filter>Inc</Filter>
    </ClInclude>
  </ItemGroup>
  <ItemGroup>
    <None Include="Inc\SimpleMath.inl">
      <Filter>Inc</Filter>
    </None>
    <None Include="Src\TeapotData.inc">
      <Filter>Src</Filter>
    </None>
  </ItemGroup>
  <ItemGroup>
    <ClCompile Include="Src\AlphaTestEffect.cpp">
      <Filter>Src</Filter>
    </ClCompile>
    <ClCompile Include="Audio\AudioEngine.cpp">
      <Filter>Audio</Filter>
    </ClCompile>
    <ClCompile Include="Src\BasicEffect.cpp">
      <Filter>Src</Filter>
    </ClCompile>
    <ClCompile Include="Src\BinaryReader.cpp">
      <Filter>Src</Filter>
    </ClCompile>
    <ClCompile Include="Src\CommonStates.cpp">
      <Filter>Src</Filter>
    </ClCompile>
    <ClCompile Include="Src\DDSTextureLoader.cpp">
      <Filter>Src</Filter>
    </ClCompile>
    <ClCompile Include="Src\DGSLEffect.cpp">
      <Filter>Src</Filter>
    </ClCompile>
    <ClCompile Include="Src\DGSLEffectFactory.cpp">
      <Filter>Src</Filter>
    </ClCompile>
    <ClCompile Include="Audio\DynamicSoundEffectInstance.cpp">
      <Filter>Audio</Filter>
    </ClCompile>
    <ClCompile Include="Src\DualTextureEffect.cpp">
      <Filter>Src</Filter>
    </ClCompile>
    <ClCompile Include="Src\EffectCommon.cpp">
      <Filter>Src</Filter>
    </ClCompile>
    <ClCompile Include="Src\EffectFactory.cpp">
      <Filter>Src</Filter>
    </ClCompile>
    <ClCompile Include="Src\EnvironmentMapEffect.cpp">
      <Filter>Src</Filter>
    </ClCompile>
    <ClCompile Include="Src\GeometricPrimitive.cpp">
      <Filter>Src</Filter>
    </ClCompile>
    <ClCompile Include="Src\Model.cpp">
      <Filter>Src</Filter>
    </ClCompile>
    <ClCompile Include="Src\ModelLoadCMO.cpp">
      <Filter>Src</Filter>
    </ClCompile>
    <ClCompile Include="Src\ModelLoadSDKMESH.cpp">
      <Filter>Src</Filter>
    </ClCompile>
    <ClCompile Include="Src\pch.cpp">
      <Filter>Src</Filter>
    </ClCompile>
    <ClCompile Include="Src\PrimitiveBatch.cpp">
      <Filter>Src</Filter>
    </ClCompile>
    <ClCompile Include="Src\ScreenGrab.cpp">
      <Filter>Src</Filter>
    </ClCompile>
    <ClCompile Include="Audio\WAVFileReader.cpp">
      <Filter>Audio</Filter>
    </ClCompile>
    <ClCompile Include="Audio\WaveBankReader.cpp">
      <Filter>Audio</Filter>
    </ClCompile>
    <ClCompile Include="Audio\WaveBank.cpp">
      <Filter>Audio</Filter>
    </ClCompile>
    <ClCompile Include="Audio\SoundCommon.cpp">
      <Filter>Audio</Filter>
    </ClCompile>
    <ClCompile Include="Audio\SoundEffectInstance.cpp">
      <Filter>Audio</Filter>
    </ClCompile>
    <ClCompile Include="Audio\SoundEffect.cpp">
      <Filter>Audio</Filter>
    </ClCompile>
    <ClCompile Include="Src\SkinnedEffect.cpp">
      <Filter>Src</Filter>
    </ClCompile>
    <ClCompile Include="Src\SpriteBatch.cpp">
      <Filter>Src</Filter>
    </ClCompile>
    <ClCompile Include="Src\SpriteFont.cpp">
      <Filter>Src</Filter>
    </ClCompile>
    <ClCompile Include="Src\VertexTypes.cpp">
      <Filter>Src</Filter>
    </ClCompile>
    <ClCompile Include="Src\WICTextureLoader.cpp">
      <Filter>Src</Filter>
    </ClCompile>
    <ClCompile Include="Src\GamePad.cpp">
      <Filter>Src</Filter>
    </ClCompile>
    <ClCompile Include="Src\ModelLoadVBO.cpp">
      <Filter>Src</Filter>
    </ClCompile>
    <ClCompile Include="Src\SimpleMath.cpp">
      <Filter>Src</Filter>
    </ClCompile>
  </ItemGroup>
</Project>