<?xml version="1.0" encoding="utf-8"?>
<Project ToolsVersion="4.0" xmlns="http://schemas.microsoft.com/developer/msbuild/2003">
  <ItemGroup>
    <Filter Include="Source Files">
      <UniqueIdentifier>{4FC737F1-C7A5-4376-A066-2A32D752A2FF}</UniqueIdentifier>
      <Extensions>cpp;c;cc;cxx;def;odl;idl;hpj;bat;asm;asmx</Extensions>
    </Filter>
    <Filter Include="Header Files">
      <UniqueIdentifier>{93995380-89BD-4b04-88EB-625FBE52EBFB}</UniqueIdentifier>
      <Extensions>h;hpp;hxx;hm;inl;inc;xsd</Extensions>
    </Filter>
    <Filter Include="Source Files\Shaders">
      <UniqueIdentifier>{40af99a7-7838-4399-8d1d-dfcc71321eee}</UniqueIdentifier>
    </Filter>
    <Filter Include="Audio">
      <UniqueIdentifier>{81ce3b2f-db9b-446d-a3f6-0bd8424b558f}</UniqueIdentifier>
    </Filter>
  </ItemGroup>
  <ItemGroup>
    <ClCompile Include="Src\AlphaTestEffect.cpp">
      <Filter>Source Files</Filter>
    </ClCompile>
    <ClCompile Include="Src\BasicEffect.cpp">
      <Filter>Source Files</Filter>
    </ClCompile>
    <ClCompile Include="Src\BinaryReader.cpp">
      <Filter>Source Files</Filter>
    </ClCompile>
    <ClCompile Include="Src\CommonStates.cpp">
      <Filter>Source Files</Filter>
    </ClCompile>
    <ClCompile Include="Src\DDSTextureLoader.cpp">
      <Filter>Source Files</Filter>
    </ClCompile>
    <ClCompile Include="Src\DualTextureEffect.cpp">
      <Filter>Source Files</Filter>
    </ClCompile>
    <ClCompile Include="Src\EffectCommon.cpp">
      <Filter>Source Files</Filter>
    </ClCompile>
    <ClCompile Include="Src\EffectFactory.cpp">
      <Filter>Source Files</Filter>
    </ClCompile>
    <ClCompile Include="Src\EnvironmentMapEffect.cpp">
      <Filter>Source Files</Filter>
    </ClCompile>
    <ClCompile Include="Src\GeometricPrimitive.cpp">
      <Filter>Source Files</Filter>
    </ClCompile>
    <ClCompile Include="Src\Model.cpp">
      <Filter>Source Files</Filter>
    </ClCompile>
    <ClCompile Include="Src\ModelLoadCMO.cpp">
      <Filter>Source Files</Filter>
    </ClCompile>
    <ClCompile Include="Src\ModelLoadSDKMESH.cpp">
      <Filter>Source Files</Filter>
    </ClCompile>
    <ClCompile Include="Src\pch.cpp">
      <Filter>Source Files</Filter>
    </ClCompile>
    <ClCompile Include="Src\PrimitiveBatch.cpp">
      <Filter>Source Files</Filter>
    </ClCompile>
    <ClCompile Include="Src\ScreenGrab.cpp">
      <Filter>Source Files</Filter>
    </ClCompile>
    <ClCompile Include="Src\SkinnedEffect.cpp">
      <Filter>Source Files</Filter>
    </ClCompile>
    <ClCompile Include="Src\SpriteBatch.cpp">
      <Filter>Source Files</Filter>
    </ClCompile>
    <ClCompile Include="Src\SpriteFont.cpp">
      <Filter>Source Files</Filter>
    </ClCompile>
    <ClCompile Include="Src\VertexTypes.cpp">
      <Filter>Source Files</Filter>
    </ClCompile>
    <ClCompile Include="Src\WICTextureLoader.cpp">
      <Filter>Source Files</Filter>
    </ClCompile>
    <ClCompile Include="Src\DGSLEffect.cpp">
      <Filter>Source Files</Filter>
    </ClCompile>
    <ClCompile Include="Src\DGSLEffectFactory.cpp">
      <Filter>Source Files</Filter>
    </ClCompile>
    <ClCompile Include="Src\XboxDDSTextureLoader.cpp">
      <Filter>Source Files</Filter>
    </ClCompile>
    <ClCompile Include="Audio\AudioEngine.cpp">
      <Filter>Audio</Filter>
    </ClCompile>
    <ClCompile Include="Audio\SoundEffect.cpp">
      <Filter>Audio</Filter>
    </ClCompile>
    <ClCompile Include="Audio\SoundEffectInstance.cpp">
      <Filter>Audio</Filter>
    </ClCompile>
    <ClCompile Include="Audio\WaveBank.cpp">
      <Filter>Audio</Filter>
    </ClCompile>
    <ClCompile Include="Audio\WaveBankReader.cpp">
      <Filter>Audio</Filter>
    </ClCompile>
    <ClCompile Include="Audio\WAVFileReader.cpp">
      <Filter>Audio</Filter>
    </ClCompile>
    <ClCompile Include="Audio\SoundCommon.cpp">
      <Filter>Audio</Filter>
    </ClCompile>
    <ClCompile Include="Audio\DynamicSoundEffectInstance.cpp">
      <Filter>Audio</Filter>
    </ClCompile>
    <ClCompile Include="Src\SimpleMath.cpp">
      <Filter>Source Files</Filter>
    </ClCompile>
    <ClCompile Include="Src\GamePad.cpp">
      <Filter>Source Files</Filter>
    </ClCompile>
    <ClCompile Include="Src\ModelLoadVBO.cpp">
      <Filter>Source Files</Filter>
    </ClCompile>
  </ItemGroup>
  <ItemGroup>
    <ClInclude Include="Src\AlignedNew.h">
      <Filter>Source Files</Filter>
    </ClInclude>
    <ClInclude Include="Src\Bezier.h">
      <Filter>Source Files</Filter>
    </ClInclude>
    <ClInclude Include="Src\BinaryReader.h">
      <Filter>Source Files</Filter>
    </ClInclude>
    <ClInclude Include="Src\ConstantBuffer.h">
      <Filter>Source Files</Filter>
    </ClInclude>
    <ClInclude Include="Src\dds.h">
      <Filter>Source Files</Filter>
    </ClInclude>
    <ClInclude Include="Src\DemandCreate.h">
      <Filter>Source Files</Filter>
    </ClInclude>
    <ClInclude Include="Src\EffectCommon.h">
      <Filter>Source Files</Filter>
    </ClInclude>
    <ClInclude Include="Src\pch.h">
      <Filter>Source Files</Filter>
    </ClInclude>
    <ClInclude Include="Src\PlatformHelpers.h">
      <Filter>Source Files</Filter>
    </ClInclude>
    <ClInclude Include="Src\SharedResourcePool.h">
      <Filter>Source Files</Filter>
    </ClInclude>
    <ClInclude Include="Inc\CommonStates.h">
      <Filter>Header Files</Filter>
    </ClInclude>
    <ClInclude Include="Inc\DDSTextureLoader.h">
      <Filter>Header Files</Filter>
    </ClInclude>
    <ClInclude Include="Inc\Effects.h">
      <Filter>Header Files</Filter>
    </ClInclude>
    <ClInclude Include="Inc\GeometricPrimitive.h">
      <Filter>Header Files</Filter>
    </ClInclude>
    <ClInclude Include="Inc\Model.h">
      <Filter>Header Files</Filter>
    </ClInclude>
    <ClInclude Include="Inc\PrimitiveBatch.h">
      <Filter>Header Files</Filter>
    </ClInclude>
    <ClInclude Include="Inc\ScreenGrab.h">
      <Filter>Header Files</Filter>
    </ClInclude>
    <ClInclude Include="Inc\SimpleMath.h">
      <Filter>Header Files</Filter>
    </ClInclude>
    <ClInclude Include="Inc\SpriteBatch.h">
      <Filter>Header Files</Filter>
    </ClInclude>
    <ClInclude Include="Inc\SpriteFont.h">
      <Filter>Header Files</Filter>
    </ClInclude>
    <ClInclude Include="Inc\VertexTypes.h">
      <Filter>Header Files</Filter>
    </ClInclude>
    <ClInclude Include="Inc\WICTextureLoader.h">
      <Filter>Header Files</Filter>
    </ClInclude>
    <ClInclude Include="Inc\XboxDDSTextureLoader.h">
      <Filter>Header Files</Filter>
    </ClInclude>
    <ClInclude Include="Audio\WaveBankReader.h">
      <Filter>Audio</Filter>
    </ClInclude>
    <ClInclude Include="Audio\WAVFileReader.h">
      <Filter>Audio</Filter>
    </ClInclude>
    <ClInclude Include="Inc\Audio.h">
      <Filter>Audio</Filter>
    </ClInclude>
    <ClInclude Include="Audio\SoundCommon.h">
      <Filter>Audio</Filter>
    </ClInclude>
    <ClInclude Include="Inc\DirectXHelpers.h">
      <Filter>Header Files</Filter>
    </ClInclude>
    <ClInclude Include="Inc\GamePad.h">
      <Filter>Header Files</Filter>
    </ClInclude>
  </ItemGroup>
  <ItemGroup>
    <None Include="Src\TeapotData.inc">
      <Filter>Source Files</Filter>
    </None>
    <None Include="Inc\SimpleMath.inl">
      <Filter>Header Files</Filter>
    </None>
    <None Include="Src\Shaders\Common.fxh">
      <Filter>Source Files\Shaders</Filter>
    </None>
    <None Include="Src\Shaders\CompileShaders.cmd">
      <Filter>Source Files\Shaders</Filter>
    </None>
    <None Include="Src\Shaders\Lighting.fxh">
      <Filter>Source Files\Shaders</Filter>
    </None>
    <None Include="Src\Shaders\Structures.fxh">
      <Filter>Source Files\Shaders</Filter>
    </None>
    <None Include="Src\Shaders\SkinnedEffect.fx">
      <Filter>Source Files\Shaders</Filter>
    </None>
    <None Include="Src\Shaders\SpriteEffect.fx">
      <Filter>Source Files\Shaders</Filter>
    </None>
    <None Include="Src\Shaders\BasicEffect.fx">
      <Filter>Source Files\Shaders</Filter>
    </None>
    <None Include="Src\Shaders\DGSLEffect.fx">
      <Filter>Source Files\Shaders</Filter>
    </None>
    <None Include="Src\Shaders\DGSLLambert.hlsl">
      <Filter>Source Files\Shaders</Filter>
    </None>
    <None Include="Src\Shaders\DGSLPhong.hlsl">
      <Filter>Source Files\Shaders</Filter>
    </None>
    <None Include="Src\Shaders\DGSLUnlit.hlsl">
      <Filter>Source Files\Shaders</Filter>
    </None>
    <None Include="Src\Shaders\DualTextureEffect.fx">
      <Filter>Source Files\Shaders</Filter>
    </None>
    <None Include="Src\Shaders\EnvironmentMapEffect.fx">
      <Filter>Source Files\Shaders</Filter>
    </None>
    <None Include="Src\Shaders\AlphaTestEffect.fx">
      <Filter>Source Files\Shaders</Filter>
    </None>
  </ItemGroup>
  <ItemGroup>
    <Text Include="Readme.txt">
      <Filter>Source Files\Shaders</Filter>
    </Text>
  </ItemGroup>
</Project>