<?xml version="1.0" encoding="utf-8"?>
<Project ToolsVersion="14.0" xmlns="http://schemas.microsoft.com/developer/msbuild/2003">
  <ItemGroup>
    <Filter Include="Inc">
      <UniqueIdentifier>{a77af43b-f2ab-4dcc-b84e-70909b198d8a}</UniqueIdentifier>
    </Filter>
    <Filter Include="Src">
      <UniqueIdentifier>{4a81ebd8-dd1a-46fb-ad14-8b57d8e92774}</UniqueIdentifier>
    </Filter>
    <Filter Include="Audio">
      <UniqueIdentifier>{a872f54e-e97f-4e14-a946-da034ce61f99}</UniqueIdentifier>
    </Filter>
    <Filter Include="Src\Shaders">
      <UniqueIdentifier>{e536bb5b-5908-4d5a-b629-6a73cf2fc9ca}</UniqueIdentifier>
    </Filter>
    <Filter Include="Src\Shaders\Compiled">
      <UniqueIdentifier>{fe608244-a8ad-4cca-b766-e82f3d32405b}</UniqueIdentifier>
    </Filter>
  </ItemGroup>
  <ItemGroup>
    <ClInclude Include="Inc\CommonStates.h">
      <Filter>Inc</Filter>
    </ClInclude>
    <ClInclude Include="Inc\DDSTextureLoader.h">
      <Filter>Inc</Filter>
    </ClInclude>
    <ClInclude Include="Inc\DirectXHelpers.h">
      <Filter>Inc</Filter>
    </ClInclude>
    <ClInclude Include="Inc\Effects.h">
      <Filter>Inc</Filter>
    </ClInclude>
    <ClInclude Include="Inc\GeometricPrimitive.h">
      <Filter>Inc</Filter>
    </ClInclude>
    <ClInclude Include="Inc\Model.h">
      <Filter>Inc</Filter>
    </ClInclude>
    <ClInclude Include="Inc\PrimitiveBatch.h">
      <Filter>Inc</Filter>
    </ClInclude>
    <ClInclude Include="Inc\ScreenGrab.h">
      <Filter>Inc</Filter>
    </ClInclude>
    <ClInclude Include="Inc\SimpleMath.h">
      <Filter>Inc</Filter>
    </ClInclude>
    <ClInclude Include="Inc\SpriteBatch.h">
      <Filter>Inc</Filter>
    </ClInclude>
    <ClInclude Include="Inc\SpriteFont.h">
      <Filter>Inc</Filter>
    </ClInclude>
    <ClInclude Include="Inc\VertexTypes.h">
      <Filter>Inc</Filter>
    </ClInclude>
    <ClInclude Include="Inc\WICTextureLoader.h">
      <Filter>Inc</Filter>
    </ClInclude>
    <ClInclude Include="Src\AlignedNew.h">
      <Filter>Src</Filter>
    </ClInclude>
    <ClInclude Include="Src\Bezier.h">
      <Filter>Src</Filter>
    </ClInclude>
    <ClInclude Include="Src\BinaryReader.h">
      <Filter>Src</Filter>
    </ClInclude>
    <ClInclude Include="Src\ConstantBuffer.h">
      <Filter>Src</Filter>
    </ClInclude>
    <ClInclude Include="Src\dds.h">
      <Filter>Src</Filter>
    </ClInclude>
    <ClInclude Include="Src\DemandCreate.h">
      <Filter>Src</Filter>
    </ClInclude>
    <ClInclude Include="Src\EffectCommon.h">
      <Filter>Src</Filter>
    </ClInclude>
    <ClInclude Include="Src\pch.h">
      <Filter>Src</Filter>
    </ClInclude>
    <ClInclude Include="Src\PlatformHelpers.h">
      <Filter>Src</Filter>
    </ClInclude>
    <ClInclude Include="Src\SharedResourcePool.h">
      <Filter>Src</Filter>
    </ClInclude>
    <ClInclude Include="Inc\Audio.h">
      <Filter>Audio</Filter>
    </ClInclude>
    <ClInclude Include="Audio\SoundCommon.h">
      <Filter>Audio</Filter>
    </ClInclude>
    <ClInclude Include="Audio\WaveBankReader.h">
      <Filter>Audio</Filter>
    </ClInclude>
    <ClInclude Include="Audio\WAVFileReader.h">
      <Filter>Audio</Filter>
    </ClInclude>
    <ClInclude Include="Inc\GamePad.h">
      <Filter>Inc</Filter>
    </ClInclude>
    <ClInclude Include="Inc\Keyboard.h">
      <Filter>Inc</Filter>
    </ClInclude>
    <ClInclude Include="Inc\Mouse.h">
      <Filter>Inc</Filter>
    </ClInclude>
    <ClInclude Include="Inc\GraphicsMemory.h">
      <Filter>Inc</Filter>
    </ClInclude>
    <ClInclude Include="Src\SDKMesh.h">
      <Filter>Src</Filter>
    </ClInclude>
    <ClInclude Include="Src\vbo.h">
      <Filter>Src</Filter>
    </ClInclude>
    <ClInclude Include="Src\Geometry.h">
      <Filter>Src</Filter>
    </ClInclude>
    <ClInclude Include="Src\LoaderHelpers.h">
      <Filter>Src</Filter>
    </ClInclude>
  </ItemGroup>
  <ItemGroup>
    <None Include="Inc\SimpleMath.inl">
      <Filter>Inc</Filter>
    </None>
    <None Include="Src\Shaders\Common.fxh">
      <Filter>Src\Shaders</Filter>
    </None>
    <None Include="Src\Shaders\CompileShaders.cmd">
      <Filter>Src\Shaders</Filter>
    </None>
    <None Include="Src\Shaders\Lighting.fxh">
      <Filter>Src\Shaders</Filter>
    </None>
    <None Include="Src\Shaders\Structures.fxh">
      <Filter>Src\Shaders</Filter>
    </None>
    <None Include="Src\Shaders\SpriteEffect.fx">
      <Filter>Src\Shaders</Filter>
    </None>
    <None Include="Src\Shaders\SkinnedEffect.fx">
      <Filter>Src\Shaders</Filter>
    </None>
    <None Include="Src\Shaders\EnvironmentMapEffect.fx">
      <Filter>Src\Shaders</Filter>
    </None>
    <None Include="Src\Shaders\DualTextureEffect.fx">
      <Filter>Src\Shaders</Filter>
    </None>
    <None Include="Src\Shaders\DGSLUnlit.hlsl">
      <Filter>Src\Shaders</Filter>
    </None>
    <None Include="Src\Shaders\DGSLPhong.hlsl">
      <Filter>Src\Shaders</Filter>
    </None>
    <None Include="Src\Shaders\DGSLLambert.hlsl">
      <Filter>Src\Shaders</Filter>
    </None>
    <None Include="Src\Shaders\DGSLEffect.fx">
      <Filter>Src\Shaders</Filter>
    </None>
    <None Include="Src\Shaders\AlphaTestEffect.fx">
      <Filter>Src\Shaders</Filter>
    </None>
    <None Include="Src\Shaders\BasicEffect.fx">
      <Filter>Src\Shaders</Filter>
    </None>
    <None Include="Src\Shaders\Compiled\AlphaTestEffect_PSAlphaTestEqNe.inc">
      <Filter>Src\Shaders\Compiled</Filter>
    </None>
    <None Include="Src\Shaders\Compiled\AlphaTestEffect_PSAlphaTestEqNeNoFog.inc">
      <Filter>Src\Shaders\Compiled</Filter>
    </None>
    <None Include="Src\Shaders\Compiled\AlphaTestEffect_PSAlphaTestLtGt.inc">
      <Filter>Src\Shaders\Compiled</Filter>
    </None>
    <None Include="Src\Shaders\Compiled\AlphaTestEffect_PSAlphaTestLtGtNoFog.inc">
      <Filter>Src\Shaders\Compiled</Filter>
    </None>
    <None Include="Src\Shaders\Compiled\AlphaTestEffect_VSAlphaTest.inc">
      <Filter>Src\Shaders\Compiled</Filter>
    </None>
    <None Include="Src\Shaders\Compiled\AlphaTestEffect_VSAlphaTestNoFog.inc">
      <Filter>Src\Shaders\Compiled</Filter>
    </None>
    <None Include="Src\Shaders\Compiled\AlphaTestEffect_VSAlphaTestVc.inc">
      <Filter>Src\Shaders\Compiled</Filter>
    </None>
    <None Include="Src\Shaders\Compiled\AlphaTestEffect_VSAlphaTestVcNoFog.inc">
      <Filter>Src\Shaders\Compiled</Filter>
    </None>
    <None Include="Src\Shaders\Compiled\BasicEffect_PSBasic.inc">
      <Filter>Src\Shaders\Compiled</Filter>
    </None>
    <None Include="Src\Shaders\Compiled\BasicEffect_PSBasicNoFog.inc">
      <Filter>Src\Shaders\Compiled</Filter>
    </None>
    <None Include="Src\Shaders\Compiled\BasicEffect_PSBasicPixelLighting.inc">
      <Filter>Src\Shaders\Compiled</Filter>
    </None>
    <None Include="Src\Shaders\Compiled\BasicEffect_PSBasicPixelLightingTx.inc">
      <Filter>Src\Shaders\Compiled</Filter>
    </None>
    <None Include="Src\Shaders\Compiled\BasicEffect_PSBasicTx.inc">
      <Filter>Src\Shaders\Compiled</Filter>
    </None>
    <None Include="Src\Shaders\Compiled\BasicEffect_PSBasicTxNoFog.inc">
      <Filter>Src\Shaders\Compiled</Filter>
    </None>
    <None Include="Src\Shaders\Compiled\BasicEffect_PSBasicVertexLighting.inc">
      <Filter>Src\Shaders\Compiled</Filter>
    </None>
    <None Include="Src\Shaders\Compiled\BasicEffect_PSBasicVertexLightingNoFog.inc">
      <Filter>Src\Shaders\Compiled</Filter>
    </None>
    <None Include="Src\Shaders\Compiled\BasicEffect_PSBasicVertexLightingTx.inc">
      <Filter>Src\Shaders\Compiled</Filter>
    </None>
    <None Include="Src\Shaders\Compiled\BasicEffect_PSBasicVertexLightingTxNoFog.inc">
      <Filter>Src\Shaders\Compiled</Filter>
    </None>
    <None Include="Src\Shaders\Compiled\BasicEffect_VSBasic.inc">
      <Filter>Src\Shaders\Compiled</Filter>
    </None>
    <None Include="Src\Shaders\Compiled\BasicEffect_VSBasicNoFog.inc">
      <Filter>Src\Shaders\Compiled</Filter>
    </None>
    <None Include="Src\Shaders\Compiled\BasicEffect_VSBasicOneLight.inc">
      <Filter>Src\Shaders\Compiled</Filter>
    </None>
    <None Include="Src\Shaders\Compiled\BasicEffect_VSBasicOneLightTx.inc">
      <Filter>Src\Shaders\Compiled</Filter>
    </None>
    <None Include="Src\Shaders\Compiled\BasicEffect_VSBasicOneLightTxVc.inc">
      <Filter>Src\Shaders\Compiled</Filter>
    </None>
    <None Include="Src\Shaders\Compiled\BasicEffect_VSBasicOneLightVc.inc">
      <Filter>Src\Shaders\Compiled</Filter>
    </None>
    <None Include="Src\Shaders\Compiled\BasicEffect_VSBasicPixelLighting.inc">
      <Filter>Src\Shaders\Compiled</Filter>
    </None>
    <None Include="Src\Shaders\Compiled\BasicEffect_VSBasicPixelLightingTx.inc">
      <Filter>Src\Shaders\Compiled</Filter>
    </None>
    <None Include="Src\Shaders\Compiled\BasicEffect_VSBasicPixelLightingTxVc.inc">
      <Filter>Src\Shaders\Compiled</Filter>
    </None>
    <None Include="Src\Shaders\Compiled\BasicEffect_VSBasicPixelLightingVc.inc">
      <Filter>Src\Shaders\Compiled</Filter>
    </None>
    <None Include="Src\Shaders\Compiled\BasicEffect_VSBasicTx.inc">
      <Filter>Src\Shaders\Compiled</Filter>
    </None>
    <None Include="Src\Shaders\Compiled\BasicEffect_VSBasicTxNoFog.inc">
      <Filter>Src\Shaders\Compiled</Filter>
    </None>
    <None Include="Src\Shaders\Compiled\BasicEffect_VSBasicTxVc.inc">
      <Filter>Src\Shaders\Compiled</Filter>
    </None>
    <None Include="Src\Shaders\Compiled\BasicEffect_VSBasicTxVcNoFog.inc">
      <Filter>Src\Shaders\Compiled</Filter>
    </None>
    <None Include="Src\Shaders\Compiled\BasicEffect_VSBasicVc.inc">
      <Filter>Src\Shaders\Compiled</Filter>
    </None>
    <None Include="Src\Shaders\Compiled\BasicEffect_VSBasicVcNoFog.inc">
      <Filter>Src\Shaders\Compiled</Filter>
    </None>
    <None Include="Src\Shaders\Compiled\BasicEffect_VSBasicVertexLighting.inc">
      <Filter>Src\Shaders\Compiled</Filter>
    </None>
    <None Include="Src\Shaders\Compiled\BasicEffect_VSBasicVertexLightingTx.inc">
      <Filter>Src\Shaders\Compiled</Filter>
    </None>
    <None Include="Src\Shaders\Compiled\BasicEffect_VSBasicVertexLightingTxVc.inc">
      <Filter>Src\Shaders\Compiled</Filter>
    </None>
    <None Include="Src\Shaders\Compiled\BasicEffect_VSBasicVertexLightingVc.inc">
      <Filter>Src\Shaders\Compiled</Filter>
    </None>
    <None Include="Src\Shaders\Compiled\DGSLEffect_main.inc">
      <Filter>Src\Shaders\Compiled</Filter>
    </None>
    <None Include="Src\Shaders\Compiled\DGSLEffect_main1Bones.inc">
      <Filter>Src\Shaders\Compiled</Filter>
    </None>
    <None Include="Src\Shaders\Compiled\DGSLEffect_main1BonesVc.inc">
      <Filter>Src\Shaders\Compiled</Filter>
    </None>
    <None Include="Src\Shaders\Compiled\DGSLEffect_main2Bones.inc">
      <Filter>Src\Shaders\Compiled</Filter>
    </None>
    <None Include="Src\Shaders\Compiled\DGSLEffect_main2BonesVc.inc">
      <Filter>Src\Shaders\Compiled</Filter>
    </None>
    <None Include="Src\Shaders\Compiled\DGSLEffect_main4Bones.inc">
      <Filter>Src\Shaders\Compiled</Filter>
    </None>
    <None Include="Src\Shaders\Compiled\DGSLEffect_main4BonesVc.inc">
      <Filter>Src\Shaders\Compiled</Filter>
    </None>
    <None Include="Src\Shaders\Compiled\DGSLEffect_mainVc.inc">
      <Filter>Src\Shaders\Compiled</Filter>
    </None>
    <None Include="Src\Shaders\Compiled\DGSLLambert_main.inc">
      <Filter>Src\Shaders\Compiled</Filter>
    </None>
    <None Include="Src\Shaders\Compiled\DGSLLambert_mainTk.inc">
      <Filter>Src\Shaders\Compiled</Filter>
    </None>
    <None Include="Src\Shaders\Compiled\DGSLLambert_mainTx.inc">
      <Filter>Src\Shaders\Compiled</Filter>
    </None>
    <None Include="Src\Shaders\Compiled\DGSLLambert_mainTxTk.inc">
      <Filter>Src\Shaders\Compiled</Filter>
    </None>
    <None Include="Src\Shaders\Compiled\DGSLPhong_main.inc">
      <Filter>Src\Shaders\Compiled</Filter>
    </None>
    <None Include="Src\Shaders\Compiled\DGSLPhong_mainTk.inc">
      <Filter>Src\Shaders\Compiled</Filter>
    </None>
    <None Include="Src\Shaders\Compiled\DGSLPhong_mainTx.inc">
      <Filter>Src\Shaders\Compiled</Filter>
    </None>
    <None Include="Src\Shaders\Compiled\DGSLPhong_mainTxTk.inc">
      <Filter>Src\Shaders\Compiled</Filter>
    </None>
    <None Include="Src\Shaders\Compiled\DGSLUnlit_main.inc">
      <Filter>Src\Shaders\Compiled</Filter>
    </None>
    <None Include="Src\Shaders\Compiled\DGSLUnlit_mainTk.inc">
      <Filter>Src\Shaders\Compiled</Filter>
    </None>
    <None Include="Src\Shaders\Compiled\DGSLUnlit_mainTx.inc">
      <Filter>Src\Shaders\Compiled</Filter>
    </None>
    <None Include="Src\Shaders\Compiled\DGSLUnlit_mainTxTk.inc">
      <Filter>Src\Shaders\Compiled</Filter>
    </None>
    <None Include="Src\Shaders\Compiled\DualTextureEffect_PSDualTexture.inc">
      <Filter>Src\Shaders\Compiled</Filter>
    </None>
    <None Include="Src\Shaders\Compiled\DualTextureEffect_PSDualTextureNoFog.inc">
      <Filter>Src\Shaders\Compiled</Filter>
    </None>
    <None Include="Src\Shaders\Compiled\DualTextureEffect_VSDualTexture.inc">
      <Filter>Src\Shaders\Compiled</Filter>
    </None>
    <None Include="Src\Shaders\Compiled\DualTextureEffect_VSDualTextureNoFog.inc">
      <Filter>Src\Shaders\Compiled</Filter>
    </None>
    <None Include="Src\Shaders\Compiled\DualTextureEffect_VSDualTextureVc.inc">
      <Filter>Src\Shaders\Compiled</Filter>
    </None>
    <None Include="Src\Shaders\Compiled\DualTextureEffect_VSDualTextureVcNoFog.inc">
      <Filter>Src\Shaders\Compiled</Filter>
    </None>
    <None Include="Src\Shaders\Compiled\EnvironmentMapEffect_PSEnvMap.inc">
      <Filter>Src\Shaders\Compiled</Filter>
    </None>
    <None Include="Src\Shaders\Compiled\EnvironmentMapEffect_PSEnvMapNoFog.inc">
      <Filter>Src\Shaders\Compiled</Filter>
    </None>
    <None Include="Src\Shaders\Compiled\EnvironmentMapEffect_PSEnvMapSpecular.inc">
      <Filter>Src\Shaders\Compiled</Filter>
    </None>
    <None Include="Src\Shaders\Compiled\EnvironmentMapEffect_PSEnvMapSpecularNoFog.inc">
      <Filter>Src\Shaders\Compiled</Filter>
    </None>
    <None Include="Src\Shaders\Compiled\EnvironmentMapEffect_VSEnvMap.inc">
      <Filter>Src\Shaders\Compiled</Filter>
    </None>
    <None Include="Src\Shaders\Compiled\EnvironmentMapEffect_VSEnvMapFresnel.inc">
      <Filter>Src\Shaders\Compiled</Filter>
    </None>
    <None Include="Src\Shaders\Compiled\EnvironmentMapEffect_VSEnvMapOneLight.inc">
      <Filter>Src\Shaders\Compiled</Filter>
    </None>
    <None Include="Src\Shaders\Compiled\EnvironmentMapEffect_VSEnvMapOneLightFresnel.inc">
      <Filter>Src\Shaders\Compiled</Filter>
    </None>
    <None Include="Src\Shaders\Compiled\SkinnedEffect_PSSkinnedPixelLighting.inc">
      <Filter>Src\Shaders\Compiled</Filter>
    </None>
    <None Include="Src\Shaders\Compiled\SkinnedEffect_PSSkinnedVertexLighting.inc">
      <Filter>Src\Shaders\Compiled</Filter>
    </None>
    <None Include="Src\Shaders\Compiled\SkinnedEffect_PSSkinnedVertexLightingNoFog.inc">
      <Filter>Src\Shaders\Compiled</Filter>
    </None>
    <None Include="Src\Shaders\Compiled\SkinnedEffect_VSSkinnedOneLightFourBones.inc">
      <Filter>Src\Shaders\Compiled</Filter>
    </None>
    <None Include="Src\Shaders\Compiled\SkinnedEffect_VSSkinnedOneLightOneBone.inc">
      <Filter>Src\Shaders\Compiled</Filter>
    </None>
    <None Include="Src\Shaders\Compiled\SkinnedEffect_VSSkinnedOneLightTwoBones.inc">
      <Filter>Src\Shaders\Compiled</Filter>
    </None>
    <None Include="Src\Shaders\Compiled\SkinnedEffect_VSSkinnedPixelLightingFourBones.inc">
      <Filter>Src\Shaders\Compiled</Filter>
    </None>
    <None Include="Src\Shaders\Compiled\SkinnedEffect_VSSkinnedPixelLightingOneBone.inc">
      <Filter>Src\Shaders\Compiled</Filter>
    </None>
    <None Include="Src\Shaders\Compiled\SkinnedEffect_VSSkinnedPixelLightingTwoBones.inc">
      <Filter>Src\Shaders\Compiled</Filter>
    </None>
    <None Include="Src\Shaders\Compiled\SkinnedEffect_VSSkinnedVertexLightingFourBones.inc">
      <Filter>Src\Shaders\Compiled</Filter>
    </None>
    <None Include="Src\Shaders\Compiled\SkinnedEffect_VSSkinnedVertexLightingOneBone.inc">
      <Filter>Src\Shaders\Compiled</Filter>
    </None>
    <None Include="Src\Shaders\Compiled\SkinnedEffect_VSSkinnedVertexLightingTwoBones.inc">
      <Filter>Src\Shaders\Compiled</Filter>
    </None>
    <None Include="Src\Shaders\Compiled\SpriteEffect_SpritePixelShader.inc">
      <Filter>Src\Shaders\Compiled</Filter>
    </None>
    <None Include="Src\Shaders\Compiled\SpriteEffect_SpriteVertexShader.inc">
      <Filter>Src\Shaders\Compiled</Filter>
    </None>
    <None Include="Src\TeapotData.inc">
      <Filter>Src</Filter>
    </None>
  </ItemGroup>
  <ItemGroup>
    <ClCompile Include="Src\AlphaTestEffect.cpp">
      <Filter>Src</Filter>
    </ClCompile>
    <ClCompile Include="Src\BasicEffect.cpp">
      <Filter>Src</Filter>
    </ClCompile>
    <ClCompile Include="Src\BinaryReader.cpp">
      <Filter>Src</Filter>
    </ClCompile>
    <ClCompile Include="Src\CommonStates.cpp">
      <Filter>Src</Filter>
    </ClCompile>
    <ClCompile Include="Src\DDSTextureLoader.cpp">
      <Filter>Src</Filter>
    </ClCompile>
    <ClCompile Include="Src\DGSLEffect.cpp">
      <Filter>Src</Filter>
    </ClCompile>
    <ClCompile Include="Src\DGSLEffectFactory.cpp">
      <Filter>Src</Filter>
    </ClCompile>
    <ClCompile Include="Src\DualTextureEffect.cpp">
      <Filter>Src</Filter>
    </ClCompile>
    <ClCompile Include="Src\EffectCommon.cpp">
      <Filter>Src</Filter>
    </ClCompile>
    <ClCompile Include="Src\EffectFactory.cpp">
      <Filter>Src</Filter>
    </ClCompile>
    <ClCompile Include="Src\EnvironmentMapEffect.cpp">
      <Filter>Src</Filter>
    </ClCompile>
    <ClCompile Include="Src\GeometricPrimitive.cpp">
      <Filter>Src</Filter>
    </ClCompile>
    <ClCompile Include="Src\Model.cpp">
      <Filter>Src</Filter>
    </ClCompile>
    <ClCompile Include="Src\ModelLoadCMO.cpp">
      <Filter>Src</Filter>
    </ClCompile>
    <ClCompile Include="Src\ModelLoadSDKMESH.cpp">
      <Filter>Src</Filter>
    </ClCompile>
    <ClCompile Include="Src\ModelLoadVBO.cpp">
      <Filter>Src</Filter>
    </ClCompile>
    <ClCompile Include="Src\pch.cpp">
      <Filter>Src</Filter>
    </ClCompile>
    <ClCompile Include="Src\PrimitiveBatch.cpp">
      <Filter>Src</Filter>
    </ClCompile>
    <ClCompile Include="Src\ScreenGrab.cpp">
      <Filter>Src</Filter>
    </ClCompile>
    <ClCompile Include="Src\SimpleMath.cpp">
      <Filter>Src</Filter>
    </ClCompile>
    <ClCompile Include="Src\SkinnedEffect.cpp">
      <Filter>Src</Filter>
    </ClCompile>
    <ClCompile Include="Src\SpriteBatch.cpp">
      <Filter>Src</Filter>
    </ClCompile>
    <ClCompile Include="Src\SpriteFont.cpp">
      <Filter>Src</Filter>
    </ClCompile>
    <ClCompile Include="Src\VertexTypes.cpp">
      <Filter>Src</Filter>
    </ClCompile>
    <ClCompile Include="Src\WICTextureLoader.cpp">
      <Filter>Src</Filter>
    </ClCompile>
    <ClCompile Include="Audio\AudioEngine.cpp">
      <Filter>Audio</Filter>
    </ClCompile>
    <ClCompile Include="Audio\DynamicSoundEffectInstance.cpp">
      <Filter>Audio</Filter>
    </ClCompile>
    <ClCompile Include="Audio\SoundCommon.cpp">
      <Filter>Audio</Filter>
    </ClCompile>
    <ClCompile Include="Audio\SoundEffect.cpp">
      <Filter>Audio</Filter>
    </ClCompile>
    <ClCompile Include="Audio\SoundEffectInstance.cpp">
      <Filter>Audio</Filter>
    </ClCompile>
    <ClCompile Include="Audio\WaveBank.cpp">
      <Filter>Audio</Filter>
    </ClCompile>
    <ClCompile Include="Audio\WaveBankReader.cpp">
      <Filter>Audio</Filter>
    </ClCompile>
    <ClCompile Include="Audio\WAVFileReader.cpp">
      <Filter>Audio</Filter>
    </ClCompile>
    <ClCompile Include="Src\GamePad.cpp">
      <Filter>Src</Filter>
    </ClCompile>
    <ClCompile Include="Src\Keyboard.cpp">
      <Filter>Src</Filter>
    </ClCompile>
    <ClCompile Include="Src\Mouse.cpp">
      <Filter>Src</Filter>
    </ClCompile>
    <ClCompile Include="Src\GraphicsMemory.cpp">
      <Filter>Src</Filter>
    </ClCompile>
    <ClCompile Include="Src\Geometry.cpp">
      <Filter>Src</Filter>
    </ClCompile>
  </ItemGroup>
  <ItemGroup>
    <Text Include="Readme.txt" />
  </ItemGroup>
</Project>