<Solution>
  <Configurations>
    <Platform Name="ARM64" />
    <Platform Name="x64" />
    <Platform Name="x86" />
  </Configurations>
  <Folder Name="/Solution Items/">
    <File Path=".editorconfig" />
  </Folder>
  <Project Path="DirectXTK_Windows10_2022.vcxproj" Id="f4776924-619c-42c7-88b2-82c947ccc9e7" />
</Solution>
