
Microsoft Visual Studio Solution File, Format Version 12.00
# Visual Studio Version 17
VisualStudioVersion = 17.1.32228.430
MinimumVisualStudioVersion = 10.0.40219.1
Project("{8BC9CEB8-8B4A-11D0-8D11-00A0C91BC942}") = "DirectXTK", "DirectXTK_GDK_2022.vcxproj", "{26BE66BD-6E77-43BA-B363-725F9FC827C1}"
EndProject
Project("{2150E333-8FDC-42A3-9474-1A3956D46DE8}") = "Solution Items", "Solution Items", "{8CD5AD55-FCE2-447A-B906-AA5764123738}"
	ProjectSection(SolutionItems) = preProject
		.editorconfig = .editorconfig
	EndProjectSection
EndProject
Global
	GlobalSection(SolutionConfigurationPlatforms) = preSolution
		Debug|Gaming.Desktop.x64 = Debug|Gaming.Desktop.x64
		Profile|Gaming.Desktop.x64 = Profile|Gaming.Desktop.x64
		Release|Gaming.Desktop.x64 = Release|Gaming.Desktop.x64
	EndGlobalSection
	GlobalSection(ProjectConfigurationPlatforms) = postSolution
		{26BE66BD-6E77-43BA-B363-725F9FC827C1}.Debug|Gaming.Desktop.x64.ActiveCfg = Debug|Gaming.Desktop.x64
		{26BE66BD-6E77-43BA-B363-725F9FC827C1}.Debug|Gaming.Desktop.x64.Build.0 = Debug|Gaming.Desktop.x64
		{26BE66BD-6E77-43BA-B363-725F9FC827C1}.Profile|Gaming.Desktop.x64.ActiveCfg = Profile|Gaming.Desktop.x64
		{26BE66BD-6E77-43BA-B363-725F9FC827C1}.Profile|Gaming.Desktop.x64.Build.0 = Profile|Gaming.Desktop.x64
		{26BE66BD-6E77-43BA-B363-725F9FC827C1}.Release|Gaming.Desktop.x64.ActiveCfg = Release|Gaming.Desktop.x64
		{26BE66BD-6E77-43BA-B363-725F9FC827C1}.Release|Gaming.Desktop.x64.Build.0 = Release|Gaming.Desktop.x64
	EndGlobalSection
	GlobalSection(SolutionProperties) = preSolution
		HideSolutionNode = FALSE
	EndGlobalSection
	GlobalSection(ExtensibilityGlobals) = postSolution
		SolutionGuid = {61313088-A570-4AE2-A5E4-1169FE8F2562}
	EndGlobalSection
EndGlobal
